// !$*UTF8*$!
{
	archiveVersion = 1;
	classes = {
	};
	objectVersion = 46;
	objects = {

/* Begin PBXBuildFile section */
		18F57B861E992E0A0013221F /* AppDelegate.swift in Sources */ = {isa = PBXBuildFile; fileRef = 18F57B851E992E0A0013221F /* AppDelegate.swift */; };
		18F57B8B1E992E0A0013221F /* Main.storyboard in Resources */ = {isa = PBXBuildFile; fileRef = 18F57B891E992E0A0013221F /* Main.storyboard */; };
		18F57B8D1E992E0A0013221F /* Assets.xcassets in Resources */ = {isa = PBXBuildFile; fileRef = 18F57B8C1E992E0A0013221F /* Assets.xcassets */; };
		18F57B901E992E0A0013221F /* LaunchScreen.storyboard in Resources */ = {isa = PBXBuildFile; fileRef = 18F57B8E1E992E0A0013221F /* LaunchScreen.storyboard */; };
		18F57B9B1E992E0A0013221F /* Pill_Identifier_AppTests.swift in Sources */ = {isa = PBXBuildFile; fileRef = 18F57B9A1E992E0A0013221F /* Pill_Identifier_AppTests.swift */; };
		18F57BA61E992E0A0013221F /* Pill_Identifier_AppUITests.swift in Sources */ = {isa = PBXBuildFile; fileRef = 18F57BA51E992E0A0013221F /* Pill_Identifier_AppUITests.swift */; };
		5E49D4E920D836DB002C8469 /* Utility.swift in Sources */ = {isa = PBXBuildFile; fileRef = 5E49D4E820D836DB002C8469 /* Utility.swift */; };
		5E49D4EB20D837E0002C8469 /* Globals.swift in Sources */ = {isa = PBXBuildFile; fileRef = 5E49D4EA20D837E0002C8469 /* Globals.swift */; };
		5E49D4F120D851EA002C8469 /* ViewController.swift in Sources */ = {isa = PBXBuildFile; fileRef = 5E49D4F020D851EA002C8469 /* ViewController.swift */; };
		5E49D4F720D87713002C8469 /* NorthSouthViewController.swift in Sources */ = {isa = PBXBuildFile; fileRef = 5E49D4F620D87713002C8469 /* NorthSouthViewController.swift */; };
		5E49D4F920D87BCE002C8469 /* CardDisplayViewController.swift in Sources */ = {isa = PBXBuildFile; fileRef = 5E49D4F820D87BCE002C8469 /* CardDisplayViewController.swift */; };
		5E49D4FB20D89618002C8469 /* sample.json in Resources */ = {isa = PBXBuildFile; fileRef = 5E49D4FA20D89618002C8469 /* sample.json */; };
		5E49D4FD20D8FFCF002C8469 /* TestViewController.swift in Sources */ = {isa = PBXBuildFile; fileRef = 5E49D4FC20D8FFCF002C8469 /* TestViewController.swift */; };
		5E575F1620D6378300B94C16 /* UploadFormViewController.swift in Sources */ = {isa = PBXBuildFile; fileRef = 5E575F1520D6378300B94C16 /* UploadFormViewController.swift */; };
		5EF7DD4E20E18AB500EF5F2E /* ResultsTableViewController.swift in Sources */ = {isa = PBXBuildFile; fileRef = 5EF7DD4D20E18AB500EF5F2E /* ResultsTableViewController.swift */; };
		5EF7DD5120E18BEE00EF5F2E /* TableViewCell1.swift in Sources */ = {isa = PBXBuildFile; fileRef = 5EF7DD4F20E18BEE00EF5F2E /* TableViewCell1.swift */; };
		5EF7DD5220E18BEE00EF5F2E /* TableViewCell1.xib in Resources */ = {isa = PBXBuildFile; fileRef = 5EF7DD5020E18BEE00EF5F2E /* TableViewCell1.xib */; };
		5EF7DD5520E18C9E00EF5F2E /* TableViewCell2.swift in Sources */ = {isa = PBXBuildFile; fileRef = 5EF7DD5320E18C9E00EF5F2E /* TableViewCell2.swift */; };
		5EF7DD5620E18C9E00EF5F2E /* TableViewCell2.xib in Resources */ = {isa = PBXBuildFile; fileRef = 5EF7DD5420E18C9E00EF5F2E /* TableViewCell2.xib */; };
/* End PBXBuildFile section */

/* Begin PBXContainerItemProxy section */
		18F57B971E992E0A0013221F /* PBXContainerItemProxy */ = {
			isa = PBXContainerItemProxy;
			containerPortal = 18F57B7A1E992E0A0013221F /* Project object */;
			proxyType = 1;
			remoteGlobalIDString = 18F57B811E992E0A0013221F;
			remoteInfo = "Pill Identifier App";
		};
		18F57BA21E992E0A0013221F /* PBXContainerItemProxy */ = {
			isa = PBXContainerItemProxy;
			containerPortal = 18F57B7A1E992E0A0013221F /* Project object */;
			proxyType = 1;
			remoteGlobalIDString = 18F57B811E992E0A0013221F;
			remoteInfo = "Pill Identifier App";
		};
/* End PBXContainerItemProxy section */

/* Begin PBXCopyFilesBuildPhase section */
		5E575F3620D63FF600B94C16 /* Embed Frameworks */ = {
			isa = PBXCopyFilesBuildPhase;
			buildActionMask = 2147483647;
			dstPath = "";
			dstSubfolderSpec = 10;
			files = (
			);
			name = "Embed Frameworks";
			runOnlyForDeploymentPostprocessing = 0;
		};
/* End PBXCopyFilesBuildPhase section */

/* Begin PBXFileReference section */
		18F57B821E992E0A0013221F /* Pill Identifier App.app */ = {isa = PBXFileReference; explicitFileType = wrapper.application; includeInIndex = 0; path = "Pill Identifier App.app"; sourceTree = BUILT_PRODUCTS_DIR; };
		18F57B851E992E0A0013221F /* AppDelegate.swift */ = {isa = PBXFileReference; lastKnownFileType = sourcecode.swift; path = AppDelegate.swift; sourceTree = "<group>"; };
		18F57B8A1E992E0A0013221F /* Base */ = {isa = PBXFileReference; lastKnownFileType = file.storyboard; name = Base; path = Base.lproj/Main.storyboard; sourceTree = "<group>"; };
		18F57B8C1E992E0A0013221F /* Assets.xcassets */ = {isa = PBXFileReference; lastKnownFileType = folder.assetcatalog; path = Assets.xcassets; sourceTree = "<group>"; };
		18F57B8F1E992E0A0013221F /* Base */ = {isa = PBXFileReference; lastKnownFileType = file.storyboard; name = Base; path = Base.lproj/LaunchScreen.storyboard; sourceTree = "<group>"; };
		18F57B911E992E0A0013221F /* Info.plist */ = {isa = PBXFileReference; lastKnownFileType = text.plist.xml; path = Info.plist; sourceTree = "<group>"; };
		18F57B961E992E0A0013221F /* Pill Identifier AppTests.xctest */ = {isa = PBXFileReference; explicitFileType = wrapper.cfbundle; includeInIndex = 0; path = "Pill Identifier AppTests.xctest"; sourceTree = BUILT_PRODUCTS_DIR; };
		18F57B9A1E992E0A0013221F /* Pill_Identifier_AppTests.swift */ = {isa = PBXFileReference; lastKnownFileType = sourcecode.swift; path = Pill_Identifier_AppTests.swift; sourceTree = "<group>"; };
		18F57B9C1E992E0A0013221F /* Info.plist */ = {isa = PBXFileReference; lastKnownFileType = text.plist.xml; path = Info.plist; sourceTree = "<group>"; };
		18F57BA11E992E0A0013221F /* Pill Identifier AppUITests.xctest */ = {isa = PBXFileReference; explicitFileType = wrapper.cfbundle; includeInIndex = 0; path = "Pill Identifier AppUITests.xctest"; sourceTree = BUILT_PRODUCTS_DIR; };
		18F57BA51E992E0A0013221F /* Pill_Identifier_AppUITests.swift */ = {isa = PBXFileReference; lastKnownFileType = sourcecode.swift; path = Pill_Identifier_AppUITests.swift; sourceTree = "<group>"; };
		18F57BA71E992E0A0013221F /* Info.plist */ = {isa = PBXFileReference; lastKnownFileType = text.plist.xml; path = Info.plist; sourceTree = "<group>"; };
		5E49D4E820D836DB002C8469 /* Utility.swift */ = {isa = PBXFileReference; lastKnownFileType = sourcecode.swift; path = Utility.swift; sourceTree = "<group>"; };
		5E49D4EA20D837E0002C8469 /* Globals.swift */ = {isa = PBXFileReference; lastKnownFileType = sourcecode.swift; path = Globals.swift; sourceTree = "<group>"; };
		5E49D4F020D851EA002C8469 /* ViewController.swift */ = {isa = PBXFileReference; fileEncoding = 4; lastKnownFileType = sourcecode.swift; path = ViewController.swift; sourceTree = "<group>"; };
		5E49D4F620D87713002C8469 /* NorthSouthViewController.swift */ = {isa = PBXFileReference; lastKnownFileType = sourcecode.swift; path = NorthSouthViewController.swift; sourceTree = "<group>"; };
		5E49D4F820D87BCE002C8469 /* CardDisplayViewController.swift */ = {isa = PBXFileReference; lastKnownFileType = sourcecode.swift; path = CardDisplayViewController.swift; sourceTree = "<group>"; };
		5E49D4FA20D89618002C8469 /* sample.json */ = {isa = PBXFileReference; fileEncoding = 4; lastKnownFileType = text.json; path = sample.json; sourceTree = "<group>"; };
		5E49D4FC20D8FFCF002C8469 /* TestViewController.swift */ = {isa = PBXFileReference; lastKnownFileType = sourcecode.swift; path = TestViewController.swift; sourceTree = "<group>"; };
		5E575F1520D6378300B94C16 /* UploadFormViewController.swift */ = {isa = PBXFileReference; lastKnownFileType = sourcecode.swift; path = UploadFormViewController.swift; sourceTree = "<group>"; };
		5E7AC2A320E1C1020090AC7D /* Pill Identifier App.entitlements */ = {isa = PBXFileReference; lastKnownFileType = text.plist.entitlements; path = "Pill Identifier App.entitlements"; sourceTree = "<group>"; };
		5EF7DD4D20E18AB500EF5F2E /* ResultsTableViewController.swift */ = {isa = PBXFileReference; lastKnownFileType = sourcecode.swift; path = ResultsTableViewController.swift; sourceTree = "<group>"; };
		5EF7DD4F20E18BEE00EF5F2E /* TableViewCell1.swift */ = {isa = PBXFileReference; lastKnownFileType = sourcecode.swift; path = TableViewCell1.swift; sourceTree = "<group>"; };
		5EF7DD5020E18BEE00EF5F2E /* TableViewCell1.xib */ = {isa = PBXFileReference; lastKnownFileType = file.xib; path = TableViewCell1.xib; sourceTree = "<group>"; };
		5EF7DD5320E18C9E00EF5F2E /* TableViewCell2.swift */ = {isa = PBXFileReference; lastKnownFileType = sourcecode.swift; path = TableViewCell2.swift; sourceTree = "<group>"; };
		5EF7DD5420E18C9E00EF5F2E /* TableViewCell2.xib */ = {isa = PBXFileReference; lastKnownFileType = file.xib; path = TableViewCell2.xib; sourceTree = "<group>"; };
/* End PBXFileReference section */

/* Begin PBXFrameworksBuildPhase section */
		18F57B7F1E992E0A0013221F /* Frameworks */ = {
			isa = PBXFrameworksBuildPhase;
			buildActionMask = 2147483647;
			files = (
			);
			runOnlyForDeploymentPostprocessing = 0;
		};
		18F57B931E992E0A0013221F /* Frameworks */ = {
			isa = PBXFrameworksBuildPhase;
			buildActionMask = 2147483647;
			files = (
			);
			runOnlyForDeploymentPostprocessing = 0;
		};
		18F57B9E1E992E0A0013221F /* Frameworks */ = {
			isa = PBXFrameworksBuildPhase;
			buildActionMask = 2147483647;
			files = (
			);
			runOnlyForDeploymentPostprocessing = 0;
		};
/* End PBXFrameworksBuildPhase section */

/* Begin PBXGroup section */
		18F57B791E992E0A0013221F = {
			isa = PBXGroup;
			children = (
				5E49D4FA20D89618002C8469 /* sample.json */,
				18F57B841E992E0A0013221F /* Pill Identifier App */,
				18F57B991E992E0A0013221F /* Pill Identifier AppTests */,
				18F57BA41E992E0A0013221F /* Pill Identifier AppUITests */,
				18F57B831E992E0A0013221F /* Products */,
				5E575F6A20D647CE00B94C16 /* Frameworks */,
			);
			sourceTree = "<group>";
		};
		18F57B831E992E0A0013221F /* Products */ = {
			isa = PBXGroup;
			children = (
				18F57B821E992E0A0013221F /* Pill Identifier App.app */,
				18F57B961E992E0A0013221F /* Pill Identifier AppTests.xctest */,
				18F57BA11E992E0A0013221F /* Pill Identifier AppUITests.xctest */,
			);
			name = Products;
			sourceTree = "<group>";
		};
		18F57B841E992E0A0013221F /* Pill Identifier App */ = {
			isa = PBXGroup;
			children = (
				5E7AC2A320E1C1020090AC7D /* Pill Identifier App.entitlements */,
				5E49D4FC20D8FFCF002C8469 /* TestViewController.swift */,
				5E575F1520D6378300B94C16 /* UploadFormViewController.swift */,
				5E49D4F820D87BCE002C8469 /* CardDisplayViewController.swift */,
				5E49D4F620D87713002C8469 /* NorthSouthViewController.swift */,
				18F57B851E992E0A0013221F /* AppDelegate.swift */,
				18F57B891E992E0A0013221F /* Main.storyboard */,
				5EF7DD4D20E18AB500EF5F2E /* ResultsTableViewController.swift */,
				5EF7DD4F20E18BEE00EF5F2E /* TableViewCell1.swift */,
				5EF7DD5020E18BEE00EF5F2E /* TableViewCell1.xib */,
				5EF7DD5320E18C9E00EF5F2E /* TableViewCell2.swift */,
				5EF7DD5420E18C9E00EF5F2E /* TableViewCell2.xib */,
				18F57B8C1E992E0A0013221F /* Assets.xcassets */,
				18F57B8E1E992E0A0013221F /* LaunchScreen.storyboard */,
				5E49D4EA20D837E0002C8469 /* Globals.swift */,
				5E49D4E820D836DB002C8469 /* Utility.swift */,
				5E49D4F020D851EA002C8469 /* ViewController.swift */,
				18F57B911E992E0A0013221F /* Info.plist */,
			);
			path = "Pill Identifier App";
			sourceTree = "<group>";
		};
		18F57B991E992E0A0013221F /* Pill Identifier AppTests */ = {
			isa = PBXGroup;
			children = (
				18F57B9A1E992E0A0013221F /* Pill_Identifier_AppTests.swift */,
				18F57B9C1E992E0A0013221F /* Info.plist */,
			);
			path = "Pill Identifier AppTests";
			sourceTree = "<group>";
		};
		18F57BA41E992E0A0013221F /* Pill Identifier AppUITests */ = {
			isa = PBXGroup;
			children = (
				18F57BA51E992E0A0013221F /* Pill_Identifier_AppUITests.swift */,
				18F57BA71E992E0A0013221F /* Info.plist */,
			);
			path = "Pill Identifier AppUITests";
			sourceTree = "<group>";
		};
		5E575F6A20D647CE00B94C16 /* Frameworks */ = {
			isa = PBXGroup;
			children = (
			);
			name = Frameworks;
			sourceTree = "<group>";
		};
/* End PBXGroup section */

/* Begin PBXNativeTarget section */
		18F57B811E992E0A0013221F /* Pill Identifier App */ = {
			isa = PBXNativeTarget;
			buildConfigurationList = 18F57BAA1E992E0A0013221F /* Build configuration list for PBXNativeTarget "Pill Identifier App" */;
			buildPhases = (
				18F57B7E1E992E0A0013221F /* Sources */,
				18F57B7F1E992E0A0013221F /* Frameworks */,
				18F57B801E992E0A0013221F /* Resources */,
				5E575F3620D63FF600B94C16 /* Embed Frameworks */,
			);
			buildRules = (
			);
			dependencies = (
			);
			name = "Pill Identifier App";
			productName = "Pill Identifier App";
			productReference = 18F57B821E992E0A0013221F /* Pill Identifier App.app */;
			productType = "com.apple.product-type.application";
		};
		18F57B951E992E0A0013221F /* Pill Identifier AppTests */ = {
			isa = PBXNativeTarget;
			buildConfigurationList = 18F57BAD1E992E0A0013221F /* Build configuration list for PBXNativeTarget "Pill Identifier AppTests" */;
			buildPhases = (
				18F57B921E992E0A0013221F /* Sources */,
				18F57B931E992E0A0013221F /* Frameworks */,
				18F57B941E992E0A0013221F /* Resources */,
			);
			buildRules = (
			);
			dependencies = (
				18F57B981E992E0A0013221F /* PBXTargetDependency */,
			);
			name = "Pill Identifier AppTests";
			productName = "Pill Identifier AppTests";
			productReference = 18F57B961E992E0A0013221F /* Pill Identifier AppTests.xctest */;
			productType = "com.apple.product-type.bundle.unit-test";
		};
		18F57BA01E992E0A0013221F /* Pill Identifier AppUITests */ = {
			isa = PBXNativeTarget;
			buildConfigurationList = 18F57BB01E992E0A0013221F /* Build configuration list for PBXNativeTarget "Pill Identifier AppUITests" */;
			buildPhases = (
				18F57B9D1E992E0A0013221F /* Sources */,
				18F57B9E1E992E0A0013221F /* Frameworks */,
				18F57B9F1E992E0A0013221F /* Resources */,
			);
			buildRules = (
			);
			dependencies = (
				18F57BA31E992E0A0013221F /* PBXTargetDependency */,
			);
			name = "Pill Identifier AppUITests";
			productName = "Pill Identifier AppUITests";
			productReference = 18F57BA11E992E0A0013221F /* Pill Identifier AppUITests.xctest */;
			productType = "com.apple.product-type.bundle.ui-testing";
		};
/* End PBXNativeTarget section */

/* Begin PBXProject section */
		18F57B7A1E992E0A0013221F /* Project object */ = {
			isa = PBXProject;
			attributes = {
				LastSwiftUpdateCheck = 0830;
				LastUpgradeCheck = 1000;
				ORGANIZATIONNAME = "Phung Technology";
				TargetAttributes = {
					18F57B811E992E0A0013221F = {
						CreatedOnToolsVersion = 8.3;
						DevelopmentTeam = 5L5HNZENM9;
						LastSwiftMigration = 1000;
						ProvisioningStyle = Automatic;
						SystemCapabilities = {
							com.apple.AccessWiFi = {
								enabled = 0;
							};
						};
					};
					18F57B951E992E0A0013221F = {
						CreatedOnToolsVersion = 8.3;
						DevelopmentTeam = 5L5HNZENM9;
						LastSwiftMigration = 1000;
						ProvisioningStyle = Automatic;
						TestTargetID = 18F57B811E992E0A0013221F;
					};
					18F57BA01E992E0A0013221F = {
						CreatedOnToolsVersion = 8.3;
						DevelopmentTeam = 5L5HNZENM9;
						LastSwiftMigration = 1000;
						ProvisioningStyle = Automatic;
						TestTargetID = 18F57B811E992E0A0013221F;
					};
				};
			};
			buildConfigurationList = 18F57B7D1E992E0A0013221F /* Build configuration list for PBXProject "Pill Identifier App" */;
			compatibilityVersion = "Xcode 3.2";
			developmentRegion = English;
			hasScannedForEncodings = 0;
			knownRegions = (
				en,
				Base,
			);
			mainGroup = 18F57B791E992E0A0013221F;
			productRefGroup = 18F57B831E992E0A0013221F /* Products */;
			projectDirPath = "";
			projectRoot = "";
			targets = (
				18F57B811E992E0A0013221F /* Pill Identifier App */,
				18F57B951E992E0A0013221F /* Pill Identifier AppTests */,
				18F57BA01E992E0A0013221F /* Pill Identifier AppUITests */,
			);
		};
/* End PBXProject section */

/* Begin PBXResourcesBuildPhase section */
		18F57B801E992E0A0013221F /* Resources */ = {
			isa = PBXResourcesBuildPhase;
			buildActionMask = 2147483647;
			files = (
				5EF7DD5220E18BEE00EF5F2E /* TableViewCell1.xib in Resources */,
				18F57B901E992E0A0013221F /* LaunchScreen.storyboard in Resources */,
				5E49D4FB20D89618002C8469 /* sample.json in Resources */,
				18F57B8D1E992E0A0013221F /* Assets.xcassets in Resources */,
				5EF7DD5620E18C9E00EF5F2E /* TableViewCell2.xib in Resources */,
				18F57B8B1E992E0A0013221F /* Main.storyboard in Resources */,
			);
			runOnlyForDeploymentPostprocessing = 0;
		};
		18F57B941E992E0A0013221F /* Resources */ = {
			isa = PBXResourcesBuildPhase;
			buildActionMask = 2147483647;
			files = (
			);
			runOnlyForDeploymentPostprocessing = 0;
		};
		18F57B9F1E992E0A0013221F /* Resources */ = {
			isa = PBXResourcesBuildPhase;
			buildActionMask = 2147483647;
			files = (
			);
			runOnlyForDeploymentPostprocessing = 0;
		};
/* End PBXResourcesBuildPhase section */

/* Begin PBXSourcesBuildPhase section */
		18F57B7E1E992E0A0013221F /* Sources */ = {
			isa = PBXSourcesBuildPhase;
			buildActionMask = 2147483647;
			files = (
				5EF7DD5520E18C9E00EF5F2E /* TableViewCell2.swift in Sources */,
				5E49D4F120D851EA002C8469 /* ViewController.swift in Sources */,
				5E49D4F920D87BCE002C8469 /* CardDisplayViewController.swift in Sources */,
				5E49D4E920D836DB002C8469 /* Utility.swift in Sources */,
				5EF7DD4E20E18AB500EF5F2E /* ResultsTableViewController.swift in Sources */,
				18F57B861E992E0A0013221F /* AppDelegate.swift in Sources */,
				5E49D4EB20D837E0002C8469 /* Globals.swift in Sources */,
				5E49D4F720D87713002C8469 /* NorthSouthViewController.swift in Sources */,
				5EF7DD5120E18BEE00EF5F2E /* TableViewCell1.swift in Sources */,
				5E49D4FD20D8FFCF002C8469 /* TestViewController.swift in Sources */,
				5E575F1620D6378300B94C16 /* UploadFormViewController.swift in Sources */,
			);
			runOnlyForDeploymentPostprocessing = 0;
		};
		18F57B921E992E0A0013221F /* Sources */ = {
			isa = PBXSourcesBuildPhase;
			buildActionMask = 2147483647;
			files = (
				18F57B9B1E992E0A0013221F /* Pill_Identifier_AppTests.swift in Sources */,
			);
			runOnlyForDeploymentPostprocessing = 0;
		};
		18F57B9D1E992E0A0013221F /* Sources */ = {
			isa = PBXSourcesBuildPhase;
			buildActionMask = 2147483647;
			files = (
				18F57BA61E992E0A0013221F /* Pill_Identifier_AppUITests.swift in Sources */,
			);
			runOnlyForDeploymentPostprocessing = 0;
		};
/* End PBXSourcesBuildPhase section */

/* Begin PBXTargetDependency section */
		18F57B981E992E0A0013221F /* PBXTargetDependency */ = {
			isa = PBXTargetDependency;
			target = 18F57B811E992E0A0013221F /* Pill Identifier App */;
			targetProxy = 18F57B971E992E0A0013221F /* PBXContainerItemProxy */;
		};
		18F57BA31E992E0A0013221F /* PBXTargetDependency */ = {
			isa = PBXTargetDependency;
			target = 18F57B811E992E0A0013221F /* Pill Identifier App */;
			targetProxy = 18F57BA21E992E0A0013221F /* PBXContainerItemProxy */;
		};
/* End PBXTargetDependency section */

/* Begin PBXVariantGroup section */
		18F57B891E992E0A0013221F /* Main.storyboard */ = {
			isa = PBXVariantGroup;
			children = (
				18F57B8A1E992E0A0013221F /* Base */,
			);
			name = Main.storyboard;
			sourceTree = "<group>";
		};
		18F57B8E1E992E0A0013221F /* LaunchScreen.storyboard */ = {
			isa = PBXVariantGroup;
			children = (
				18F57B8F1E992E0A0013221F /* Base */,
			);
			name = LaunchScreen.storyboard;
			sourceTree = "<group>";
		};
/* End PBXVariantGroup section */

/* Begin XCBuildConfiguration section */
		18F57BA81E992E0A0013221F /* Debug */ = {
			isa = XCBuildConfiguration;
			buildSettings = {
				CLANG_ANALYZER_NONNULL = YES;
				CLANG_ANALYZER_NUMBER_OBJECT_CONVERSION = YES_AGGRESSIVE;
				CLANG_CXX_LANGUAGE_STANDARD = "gnu++0x";
				CLANG_CXX_LIBRARY = "libc++";
				CLANG_ENABLE_MODULES = YES;
				CLANG_ENABLE_OBJC_ARC = YES;
				CLANG_WARN_BLOCK_CAPTURE_AUTORELEASING = YES;
				CLANG_WARN_BOOL_CONVERSION = YES;
				CLANG_WARN_COMMA = YES;
				CLANG_WARN_CONSTANT_CONVERSION = YES;
				CLANG_WARN_DEPRECATED_OBJC_IMPLEMENTATIONS = YES;
				CLANG_WARN_DIRECT_OBJC_ISA_USAGE = YES_ERROR;
				CLANG_WARN_DOCUMENTATION_COMMENTS = YES;
				CLANG_WARN_EMPTY_BODY = YES;
				CLANG_WARN_ENUM_CONVERSION = YES;
				CLANG_WARN_INFINITE_RECURSION = YES;
				CLANG_WARN_INT_CONVERSION = YES;
				CLANG_WARN_NON_LITERAL_NULL_CONVERSION = YES;
				CLANG_WARN_OBJC_IMPLICIT_RETAIN_SELF = YES;
				CLANG_WARN_OBJC_LITERAL_CONVERSION = YES;
				CLANG_WARN_OBJC_ROOT_CLASS = YES_ERROR;
				CLANG_WARN_RANGE_LOOP_ANALYSIS = YES;
				CLANG_WARN_STRICT_PROTOTYPES = YES;
				CLANG_WARN_SUSPICIOUS_MOVE = YES;
				CLANG_WARN_UNREACHABLE_CODE = YES;
				CLANG_WARN__DUPLICATE_METHOD_MATCH = YES;
				CODE_SIGN_IDENTITY = "iPhone Developer: Eric Phung (93CL2J7UWJ)";
				"CODE_SIGN_IDENTITY[sdk=iphoneos*]" = "";
				COPY_PHASE_STRIP = NO;
				DEBUG_INFORMATION_FORMAT = dwarf;
				ENABLE_STRICT_OBJC_MSGSEND = YES;
				ENABLE_TESTABILITY = YES;
				GCC_C_LANGUAGE_STANDARD = gnu99;
				GCC_DYNAMIC_NO_PIC = NO;
				GCC_NO_COMMON_BLOCKS = YES;
				GCC_OPTIMIZATION_LEVEL = 0;
				GCC_PREPROCESSOR_DEFINITIONS = (
					"DEBUG=1",
					"$(inherited)",
				);
				GCC_WARN_64_TO_32_BIT_CONVERSION = YES;
				GCC_WARN_ABOUT_RETURN_TYPE = YES_ERROR;
				GCC_WARN_STRICT_SELECTOR_MATCH = YES;
				GCC_WARN_UNDECLARED_SELECTOR = YES;
				GCC_WARN_UNINITIALIZED_AUTOS = YES_AGGRESSIVE;
				GCC_WARN_UNUSED_FUNCTION = YES;
				GCC_WARN_UNUSED_VARIABLE = YES;
				IPHONEOS_DEPLOYMENT_TARGET = 10.0;
				MTL_ENABLE_DEBUG_INFO = YES;
				ONLY_ACTIVE_ARCH = YES;
				SDKROOT = iphoneos;
				SWIFT_ACTIVE_COMPILATION_CONDITIONS = DEBUG;
				SWIFT_OPTIMIZATION_LEVEL = "-Onone";
				TARGETED_DEVICE_FAMILY = "1,2";
			};
			name = Debug;
		};
		18F57BA91E992E0A0013221F /* Release */ = {
			isa = XCBuildConfiguration;
			buildSettings = {
				CLANG_ANALYZER_NONNULL = YES;
				CLANG_ANALYZER_NUMBER_OBJECT_CONVERSION = YES_AGGRESSIVE;
				CLANG_CXX_LANGUAGE_STANDARD = "gnu++0x";
				CLANG_CXX_LIBRARY = "libc++";
				CLANG_ENABLE_MODULES = YES;
				CLANG_ENABLE_OBJC_ARC = YES;
				CLANG_WARN_BLOCK_CAPTURE_AUTORELEASING = YES;
				CLANG_WARN_BOOL_CONVERSION = YES;
				CLANG_WARN_COMMA = YES;
				CLANG_WARN_CONSTANT_CONVERSION = YES;
				CLANG_WARN_DEPRECATED_OBJC_IMPLEMENTATIONS = YES;
				CLANG_WARN_DIRECT_OBJC_ISA_USAGE = YES_ERROR;
				CLANG_WARN_DOCUMENTATION_COMMENTS = YES;
				CLANG_WARN_EMPTY_BODY = YES;
				CLANG_WARN_ENUM_CONVERSION = YES;
				CLANG_WARN_INFINITE_RECURSION = YES;
				CLANG_WARN_INT_CONVERSION = YES;
				CLANG_WARN_NON_LITERAL_NULL_CONVERSION = YES;
				CLANG_WARN_OBJC_IMPLICIT_RETAIN_SELF = YES;
				CLANG_WARN_OBJC_LITERAL_CONVERSION = YES;
				CLANG_WARN_OBJC_ROOT_CLASS = YES_ERROR;
				CLANG_WARN_RANGE_LOOP_ANALYSIS = YES;
				CLANG_WARN_STRICT_PROTOTYPES = YES;
				CLANG_WARN_SUSPICIOUS_MOVE = YES;
				CLANG_WARN_UNREACHABLE_CODE = YES;
				CLANG_WARN__DUPLICATE_METHOD_MATCH = YES;
				CODE_SIGN_IDENTITY = "iPhone Developer: Eric Phung (93CL2J7UWJ)";
				"CODE_SIGN_IDENTITY[sdk=iphoneos*]" = "";
				COPY_PHASE_STRIP = NO;
				DEBUG_INFORMATION_FORMAT = "dwarf-with-dsym";
				ENABLE_NS_ASSERTIONS = NO;
				ENABLE_STRICT_OBJC_MSGSEND = YES;
				GCC_C_LANGUAGE_STANDARD = gnu99;
				GCC_NO_COMMON_BLOCKS = YES;
				GCC_WARN_64_TO_32_BIT_CONVERSION = YES;
				GCC_WARN_ABOUT_RETURN_TYPE = YES_ERROR;
				GCC_WARN_STRICT_SELECTOR_MATCH = YES;
				GCC_WARN_UNDECLARED_SELECTOR = YES;
				GCC_WARN_UNINITIALIZED_AUTOS = YES_AGGRESSIVE;
				GCC_WARN_UNUSED_FUNCTION = YES;
				GCC_WARN_UNUSED_VARIABLE = YES;
				IPHONEOS_DEPLOYMENT_TARGET = 10.0;
				MTL_ENABLE_DEBUG_INFO = NO;
				ONLY_ACTIVE_ARCH = NO;
				SDKROOT = iphoneos;
				SWIFT_OPTIMIZATION_LEVEL = "-Owholemodule";
				TARGETED_DEVICE_FAMILY = "1,2";
				VALIDATE_PRODUCT = YES;
			};
			name = Release;
		};
		18F57BAB1E992E0A0013221F /* Debug */ = {
			isa = XCBuildConfiguration;
			buildSettings = {
				ALWAYS_EMBED_SWIFT_STANDARD_LIBRARIES = YES;
				ASSETCATALOG_COMPILER_APPICON_NAME = AppIcon;
				CODE_SIGN_IDENTITY = "iPhone Developer";
				CODE_SIGN_STYLE = Automatic;
				DEVELOPMENT_TEAM = "";
				INFOPLIST_FILE = "Pill Identifier App/Info.plist";
				LD_RUNPATH_SEARCH_PATHS = "$(inherited) @executable_path/Frameworks";
				PRODUCT_BUNDLE_IDENTIFIER = "com.phungtech.Pill-Identifier-App";
				PRODUCT_NAME = "$(TARGET_NAME)";
				PROVISIONING_PROFILE_SPECIFIER = "";
				SWIFT_SWIFT3_OBJC_INFERENCE = Off;
				SWIFT_VERSION = 4.2;
			};
			name = Debug;
		};
		18F57BAC1E992E0A0013221F /* Release */ = {
			isa = XCBuildConfiguration;
			buildSettings = {
				ALWAYS_EMBED_SWIFT_STANDARD_LIBRARIES = YES;
				ASSETCATALOG_COMPILER_APPICON_NAME = AppIcon;
				CODE_SIGN_IDENTITY = "iPhone Developer";
				CODE_SIGN_STYLE = Automatic;
				DEVELOPMENT_TEAM = "";
				INFOPLIST_FILE = "Pill Identifier App/Info.plist";
				LD_RUNPATH_SEARCH_PATHS = "$(inherited) @executable_path/Frameworks";
				PRODUCT_BUNDLE_IDENTIFIER = "com.phungtech.Pill-Identifier-App";
				PRODUCT_NAME = "$(TARGET_NAME)";
				PROVISIONING_PROFILE_SPECIFIER = "";
				SWIFT_SWIFT3_OBJC_INFERENCE = Off;
				SWIFT_VERSION = 4.2;
			};
			name = Release;
		};
		18F57BAE1E992E0A0013221F /* Debug */ = {
			isa = XCBuildConfiguration;
			buildSettings = {
				ALWAYS_EMBED_SWIFT_STANDARD_LIBRARIES = YES;
				BUNDLE_LOADER = "$(TEST_HOST)";
				DEVELOPMENT_TEAM = 5L5HNZENM9;
				INFOPLIST_FILE = "Pill Identifier AppTests/Info.plist";
				LD_RUNPATH_SEARCH_PATHS = "$(inherited) @executable_path/Frameworks @loader_path/Frameworks";
				PRODUCT_BUNDLE_IDENTIFIER = "com.phungtech.Pill-Identifier-AppTests";
				PRODUCT_NAME = "$(TARGET_NAME)";
				SWIFT_SWIFT3_OBJC_INFERENCE = On;
				SWIFT_VERSION = 4.2;
				TEST_HOST = "$(BUILT_PRODUCTS_DIR)/Pill Identifier App.app/Pill Identifier App";
			};
			name = Debug;
		};
		18F57BAF1E992E0A0013221F /* Release */ = {
			isa = XCBuildConfiguration;
			buildSettings = {
				ALWAYS_EMBED_SWIFT_STANDARD_LIBRARIES = YES;
				BUNDLE_LOADER = "$(TEST_HOST)";
				DEVELOPMENT_TEAM = 5L5HNZENM9;
				INFOPLIST_FILE = "Pill Identifier AppTests/Info.plist";
				LD_RUNPATH_SEARCH_PATHS = "$(inherited) @executable_path/Frameworks @loader_path/Frameworks";
				PRODUCT_BUNDLE_IDENTIFIER = "com.phungtech.Pill-Identifier-AppTests";
				PRODUCT_NAME = "$(TARGET_NAME)";
				SWIFT_SWIFT3_OBJC_INFERENCE = On;
				SWIFT_VERSION = 4.2;
				TEST_HOST = "$(BUILT_PRODUCTS_DIR)/Pill Identifier App.app/Pill Identifier App";
			};
			name = Release;
		};
		18F57BB11E992E0A0013221F /* Debug */ = {
			isa = XCBuildConfiguration;
			buildSettings = {
				ALWAYS_EMBED_SWIFT_STANDARD_LIBRARIES = YES;
				DEVELOPMENT_TEAM = 5L5HNZENM9;
				INFOPLIST_FILE = "Pill Identifier AppUITests/Info.plist";
				LD_RUNPATH_SEARCH_PATHS = "$(inherited) @executable_path/Frameworks @loader_path/Frameworks";
				PRODUCT_BUNDLE_IDENTIFIER = "com.phungtech.Pill-Identifier-AppUITests";
				PRODUCT_NAME = "$(TARGET_NAME)";
				SWIFT_SWIFT3_OBJC_INFERENCE = On;
				SWIFT_VERSION = 4.2;
				TEST_TARGET_NAME = "Pill Identifier App";
			};
			name = Debug;
		};
		18F57BB21E992E0A0013221F /* Release */ = {
			isa = XCBuildConfiguration;
			buildSettings = {
				ALWAYS_EMBED_SWIFT_STANDARD_LIBRARIES = YES;
				DEVELOPMENT_TEAM = 5L5HNZENM9;
				INFOPLIST_FILE = "Pill Identifier AppUITests/Info.plist";
				LD_RUNPATH_SEARCH_PATHS = "$(inherited) @executable_path/Frameworks @loader_path/Frameworks";
				PRODUCT_BUNDLE_IDENTIFIER = "com.phungtech.Pill-Identifier-AppUITests";
				PRODUCT_NAME = "$(TARGET_NAME)";
				SWIFT_SWIFT3_OBJC_INFERENCE = On;
				SWIFT_VERSION = 4.2;
				TEST_TARGET_NAME = "Pill Identifier App";
			};
			name = Release;
		};
/* End XCBuildConfiguration section */

/* Begin XCConfigurationList section */
		18F57B7D1E992E0A0013221F /* Build configuration list for PBXProject "Pill Identifier App" */ = {
			isa = XCConfigurationList;
			buildConfigurations = (
				18F57BA81E992E0A0013221F /* Debug */,
				18F57BA91E992E0A0013221F /* Release */,
			);
			defaultConfigurationIsVisible = 0;
			defaultConfigurationName = Release;
		};
		18F57BAA1E992E0A0013221F /* Build configuration list for PBXNativeTarget "Pill Identifier App" */ = {
			isa = XCConfigurationList;
			buildConfigurations = (
				18F57BAB1E992E0A0013221F /* Debug */,
				18F57BAC1E992E0A0013221F /* Release */,
			);
			defaultConfigurationIsVisible = 0;
			defaultConfigurationName = Release;
		};
		18F57BAD1E992E0A0013221F /* Build configuration list for PBXNativeTarget "Pill Identifier AppTests" */ = {
			isa = XCConfigurationList;
			buildConfigurations = (
				18F57BAE1E992E0A0013221F /* Debug */,
				18F57BAF1E992E0A0013221F /* Release */,
			);
			defaultConfigurationIsVisible = 0;
			defaultConfigurationName = Release;
		};
		18F57BB01E992E0A0013221F /* Build configuration list for PBXNativeTarget "Pill Identifier AppUITests" */ = {
			isa = XCConfigurationList;
			buildConfigurations = (
				18F57BB11E992E0A0013221F /* Debug */,
				18F57BB21E992E0A0013221F /* Release */,
			);
			defaultConfigurationIsVisible = 0;
			defaultConfigurationName = Release;
		};
/* End XCConfigurationList section */
	};
	rootObject = 18F57B7A1E992E0A0013221F /* Project object */;
}
