// !$*UTF8*$!
{
	archiveVersion = 1;
	classes = {
	};
	objectVersion = 46;
	objects = {

/* Begin PBXBuildFile section */
		18F57B861E992E0A0013221F /* AppDelegate.swift in Sources */ = {isa = PBXBuildFile; fileRef = 18F57B851E992E0A0013221F /* AppDelegate.swift */; };
		18F57B8B1E992E0A0013221F /* Main.storyboard in Resources */ = {isa = PBXBuildFile; fileRef = 18F57B891E992E0A0013221F /* Main.storyboard */; };
		18F57B8D1E992E0A0013221F /* Assets.xcassets in Resources */ = {isa = PBXBuildFile; fileRef = 18F57B8C1E992E0A0013221F /* Assets.xcassets */; };
		18F57B901E992E0A0013221F /* LaunchScreen.storyboard in Resources */ = {isa = PBXBuildFile; fileRef = 18F57B8E1E992E0A0013221F /* LaunchScreen.storyboard */; };
		18F57B9B1E992E0A0013221F /* Pill_Identifier_AppTests.swift in Sources */ = {isa = PBXBuildFile; fileRef = 18F57B9A1E992E0A0013221F /* Pill_Identifier_AppTests.swift */; };
		18F57BA61E992E0A0013221F /* Pill_Identifier_AppUITests.swift in Sources */ = {isa = PBXBuildFile; fileRef = 18F57BA51E992E0A0013221F /* Pill_Identifier_AppUITests.swift */; };
		5E29DF0420D72171009694B6 /* ViewController.swift in Sources */ = {isa = PBXBuildFile; fileRef = 5E29DF0320D72171009694B6 /* ViewController.swift */; };
		5E575F1620D6378300B94C16 /* PillSearchViewController.swift in Sources */ = {isa = PBXBuildFile; fileRef = 5E575F1520D6378300B94C16 /* PillSearchViewController.swift */; };
		5E575F6B20D647CE00B94C16 /* SwiftyJSON.framework in Frameworks */ = {isa = PBXBuildFile; fileRef = 5E575F5D20D647B500B94C16 /* SwiftyJSON.framework */; };
/* End PBXBuildFile section */

/* Begin PBXContainerItemProxy section */
		18F57B971E992E0A0013221F /* PBXContainerItemProxy */ = {
			isa = PBXContainerItemProxy;
			containerPortal = 18F57B7A1E992E0A0013221F /* Project object */;
			proxyType = 1;
			remoteGlobalIDString = 18F57B811E992E0A0013221F;
			remoteInfo = "Pill Identifier App";
		};
		18F57BA21E992E0A0013221F /* PBXContainerItemProxy */ = {
			isa = PBXContainerItemProxy;
			containerPortal = 18F57B7A1E992E0A0013221F /* Project object */;
			proxyType = 1;
			remoteGlobalIDString = 18F57B811E992E0A0013221F;
			remoteInfo = "Pill Identifier App";
		};
		5E575F5C20D647B500B94C16 /* PBXContainerItemProxy */ = {
			isa = PBXContainerItemProxy;
			containerPortal = 5E575F5120D647B500B94C16 /* SwiftyJSON.xcodeproj */;
			proxyType = 2;
			remoteGlobalIDString = 2E4FEFDB19575BE100351305;
			remoteInfo = "SwiftyJSON iOS";
		};
		5E575F5E20D647B500B94C16 /* PBXContainerItemProxy */ = {
			isa = PBXContainerItemProxy;
			containerPortal = 5E575F5120D647B500B94C16 /* SwiftyJSON.xcodeproj */;
			proxyType = 2;
			remoteGlobalIDString = 2E4FEFE619575BE100351305;
			remoteInfo = "SwiftyJSON iOS Tests";
		};
		5E575F6020D647B500B94C16 /* PBXContainerItemProxy */ = {
			isa = PBXContainerItemProxy;
			containerPortal = 5E575F5120D647B500B94C16 /* SwiftyJSON.xcodeproj */;
			proxyType = 2;
			remoteGlobalIDString = 9C7DFC5B1A9102BD005AA3F7;
			remoteInfo = "SwiftyJSON macOS";
		};
		5E575F6220D647B500B94C16 /* PBXContainerItemProxy */ = {
			isa = PBXContainerItemProxy;
			containerPortal = 5E575F5120D647B500B94C16 /* SwiftyJSON.xcodeproj */;
			proxyType = 2;
			remoteGlobalIDString = 9C7DFC651A9102BD005AA3F7;
			remoteInfo = "SwiftyJSON macOS Tests";
		};
		5E575F6420D647B500B94C16 /* PBXContainerItemProxy */ = {
			isa = PBXContainerItemProxy;
			containerPortal = 5E575F5120D647B500B94C16 /* SwiftyJSON.xcodeproj */;
			proxyType = 2;
			remoteGlobalIDString = E4D7CCE81B9465A700EE7221;
			remoteInfo = "SwiftyJSON watchOS";
		};
		5E575F6620D647B500B94C16 /* PBXContainerItemProxy */ = {
			isa = PBXContainerItemProxy;
			containerPortal = 5E575F5120D647B500B94C16 /* SwiftyJSON.xcodeproj */;
			proxyType = 2;
			remoteGlobalIDString = 7236B4F61BAC14150020529B;
			remoteInfo = "SwiftyJSON tvOS";
		};
		5E575F6820D647B500B94C16 /* PBXContainerItemProxy */ = {
			isa = PBXContainerItemProxy;
			containerPortal = 5E575F5120D647B500B94C16 /* SwiftyJSON.xcodeproj */;
			proxyType = 2;
			remoteGlobalIDString = A8580F741BCF5C5B00DA927B;
			remoteInfo = "SwiftyJSON tvOS Tests";
		};
/* End PBXContainerItemProxy section */

/* Begin PBXCopyFilesBuildPhase section */
		5E575F3620D63FF600B94C16 /* Embed Frameworks */ = {
			isa = PBXCopyFilesBuildPhase;
			buildActionMask = 2147483647;
			dstPath = "";
			dstSubfolderSpec = 10;
			files = (
			);
			name = "Embed Frameworks";
			runOnlyForDeploymentPostprocessing = 0;
		};
/* End PBXCopyFilesBuildPhase section */

/* Begin PBXFileReference section */
		18F57B821E992E0A0013221F /* Pill Identifier App.app */ = {isa = PBXFileReference; explicitFileType = wrapper.application; includeInIndex = 0; path = "Pill Identifier App.app"; sourceTree = BUILT_PRODUCTS_DIR; };
		18F57B851E992E0A0013221F /* AppDelegate.swift */ = {isa = PBXFileReference; lastKnownFileType = sourcecode.swift; path = AppDelegate.swift; sourceTree = "<group>"; };
		18F57B8A1E992E0A0013221F /* Base */ = {isa = PBXFileReference; lastKnownFileType = file.storyboard; name = Base; path = Base.lproj/Main.storyboard; sourceTree = "<group>"; };
		18F57B8C1E992E0A0013221F /* Assets.xcassets */ = {isa = PBXFileReference; lastKnownFileType = folder.assetcatalog; path = Assets.xcassets; sourceTree = "<group>"; };
		18F57B8F1E992E0A0013221F /* Base */ = {isa = PBXFileReference; lastKnownFileType = file.storyboard; name = Base; path = Base.lproj/LaunchScreen.storyboard; sourceTree = "<group>"; };
		18F57B911E992E0A0013221F /* Info.plist */ = {isa = PBXFileReference; lastKnownFileType = text.plist.xml; path = Info.plist; sourceTree = "<group>"; };
		18F57B961E992E0A0013221F /* Pill Identifier AppTests.xctest */ = {isa = PBXFileReference; explicitFileType = wrapper.cfbundle; includeInIndex = 0; path = "Pill Identifier AppTests.xctest"; sourceTree = BUILT_PRODUCTS_DIR; };
		18F57B9A1E992E0A0013221F /* Pill_Identifier_AppTests.swift */ = {isa = PBXFileReference; lastKnownFileType = sourcecode.swift; path = Pill_Identifier_AppTests.swift; sourceTree = "<group>"; };
		18F57B9C1E992E0A0013221F /* Info.plist */ = {isa = PBXFileReference; lastKnownFileType = text.plist.xml; path = Info.plist; sourceTree = "<group>"; };
		18F57BA11E992E0A0013221F /* Pill Identifier AppUITests.xctest */ = {isa = PBXFileReference; explicitFileType = wrapper.cfbundle; includeInIndex = 0; path = "Pill Identifier AppUITests.xctest"; sourceTree = BUILT_PRODUCTS_DIR; };
		18F57BA51E992E0A0013221F /* Pill_Identifier_AppUITests.swift */ = {isa = PBXFileReference; lastKnownFileType = sourcecode.swift; path = Pill_Identifier_AppUITests.swift; sourceTree = "<group>"; };
		18F57BA71E992E0A0013221F /* Info.plist */ = {isa = PBXFileReference; lastKnownFileType = text.plist.xml; path = Info.plist; sourceTree = "<group>"; };
		5E29DF0320D72171009694B6 /* ViewController.swift */ = {isa = PBXFileReference; fileEncoding = 4; lastKnownFileType = sourcecode.swift; path = ViewController.swift; sourceTree = "<group>"; };
		5E575F1520D6378300B94C16 /* PillSearchViewController.swift */ = {isa = PBXFileReference; lastKnownFileType = sourcecode.swift; path = PillSearchViewController.swift; sourceTree = "<group>"; };
		5E575F3720D640D300B94C16 /* Requests.playground */ = {isa = PBXFileReference; lastKnownFileType = file.playground; path = Requests.playground; sourceTree = "<group>"; xcLanguageSpecificationIdentifier = xcode.lang.swift; };
		5E575F5120D647B500B94C16 /* SwiftyJSON.xcodeproj */ = {isa = PBXFileReference; lastKnownFileType = "wrapper.pb-project"; name = SwiftyJSON.xcodeproj; path = SwiftyJSON/SwiftyJSON.xcodeproj; sourceTree = "<group>"; };
/* End PBXFileReference section */

/* Begin PBXFrameworksBuildPhase section */
		18F57B7F1E992E0A0013221F /* Frameworks */ = {
			isa = PBXFrameworksBuildPhase;
			buildActionMask = 2147483647;
			files = (
				5E575F6B20D647CE00B94C16 /* SwiftyJSON.framework in Frameworks */,
			);
			runOnlyForDeploymentPostprocessing = 0;
		};
		18F57B931E992E0A0013221F /* Frameworks */ = {
			isa = PBXFrameworksBuildPhase;
			buildActionMask = 2147483647;
			files = (
			);
			runOnlyForDeploymentPostprocessing = 0;
		};
		18F57B9E1E992E0A0013221F /* Frameworks */ = {
			isa = PBXFrameworksBuildPhase;
			buildActionMask = 2147483647;
			files = (
			);
			runOnlyForDeploymentPostprocessing = 0;
		};
/* End PBXFrameworksBuildPhase section */

/* Begin PBXGroup section */
		18F57B791E992E0A0013221F = {
			isa = PBXGroup;
			children = (
				5E575F3720D640D300B94C16 /* Requests.playground */,
				5E575F5120D647B500B94C16 /* SwiftyJSON.xcodeproj */,
				18F57B841E992E0A0013221F /* Pill Identifier App */,
				18F57B991E992E0A0013221F /* Pill Identifier AppTests */,
				18F57BA41E992E0A0013221F /* Pill Identifier AppUITests */,
				18F57B831E992E0A0013221F /* Products */,
				5E575F6A20D647CE00B94C16 /* Frameworks */,
			);
			sourceTree = "<group>";
		};
		18F57B831E992E0A0013221F /* Products */ = {
			isa = PBXGroup;
			children = (
				18F57B821E992E0A0013221F /* Pill Identifier App.app */,
				18F57B961E992E0A0013221F /* Pill Identifier AppTests.xctest */,
				18F57BA11E992E0A0013221F /* Pill Identifier AppUITests.xctest */,
			);
			name = Products;
			sourceTree = "<group>";
		};
		18F57B841E992E0A0013221F /* Pill Identifier App */ = {
			isa = PBXGroup;
			children = (
				5E29DF0320D72171009694B6 /* ViewController.swift */,
				5E575F1520D6378300B94C16 /* PillSearchViewController.swift */,
				18F57B851E992E0A0013221F /* AppDelegate.swift */,
				18F57B891E992E0A0013221F /* Main.storyboard */,
				18F57B8C1E992E0A0013221F /* Assets.xcassets */,
				18F57B8E1E992E0A0013221F /* LaunchScreen.storyboard */,
				18F57B911E992E0A0013221F /* Info.plist */,
			);
			path = "Pill Identifier App";
			sourceTree = "<group>";
		};
		18F57B991E992E0A0013221F /* Pill Identifier AppTests */ = {
			isa = PBXGroup;
			children = (
				18F57B9A1E992E0A0013221F /* Pill_Identifier_AppTests.swift */,
				18F57B9C1E992E0A0013221F /* Info.plist */,
			);
			path = "Pill Identifier AppTests";
			sourceTree = "<group>";
		};
		18F57BA41E992E0A0013221F /* Pill Identifier AppUITests */ = {
			isa = PBXGroup;
			children = (
				18F57BA51E992E0A0013221F /* Pill_Identifier_AppUITests.swift */,
				18F57BA71E992E0A0013221F /* Info.plist */,
			);
			path = "Pill Identifier AppUITests";
			sourceTree = "<group>";
		};
		5E575F5220D647B500B94C16 /* Products */ = {
			isa = PBXGroup;
			children = (
				5E575F5D20D647B500B94C16 /* SwiftyJSON.framework */,
				5E575F5F20D647B500B94C16 /* SwiftyJSON iOS Tests.xctest */,
				5E575F6120D647B500B94C16 /* SwiftyJSON.framework */,
				5E575F6320D647B500B94C16 /* SwiftyJSON macOS Tests.xctest */,
				5E575F6520D647B500B94C16 /* SwiftyJSON.framework */,
				5E575F6720D647B500B94C16 /* SwiftyJSON.framework */,
				5E575F6920D647B500B94C16 /* SwiftyJSON tvOS Tests.xctest */,
			);
			name = Products;
			sourceTree = "<group>";
		};
		5E575F6A20D647CE00B94C16 /* Frameworks */ = {
			isa = PBXGroup;
			children = (
			);
			name = Frameworks;
			sourceTree = "<group>";
		};
/* End PBXGroup section */

/* Begin PBXNativeTarget section */
		18F57B811E992E0A0013221F /* Pill Identifier App */ = {
			isa = PBXNativeTarget;
			buildConfigurationList = 18F57BAA1E992E0A0013221F /* Build configuration list for PBXNativeTarget "Pill Identifier App" */;
			buildPhases = (
				18F57B7E1E992E0A0013221F /* Sources */,
				18F57B7F1E992E0A0013221F /* Frameworks */,
				18F57B801E992E0A0013221F /* Resources */,
				5E575F3620D63FF600B94C16 /* Embed Frameworks */,
			);
			buildRules = (
			);
			dependencies = (
			);
			name = "Pill Identifier App";
			productName = "Pill Identifier App";
			productReference = 18F57B821E992E0A0013221F /* Pill Identifier App.app */;
			productType = "com.apple.product-type.application";
		};
		18F57B951E992E0A0013221F /* Pill Identifier AppTests */ = {
			isa = PBXNativeTarget;
			buildConfigurationList = 18F57BAD1E992E0A0013221F /* Build configuration list for PBXNativeTarget "Pill Identifier AppTests" */;
			buildPhases = (
				18F57B921E992E0A0013221F /* Sources */,
				18F57B931E992E0A0013221F /* Frameworks */,
				18F57B941E992E0A0013221F /* Resources */,
			);
			buildRules = (
			);
			dependencies = (
				18F57B981E992E0A0013221F /* PBXTargetDependency */,
			);
			name = "Pill Identifier AppTests";
			productName = "Pill Identifier AppTests";
			productReference = 18F57B961E992E0A0013221F /* Pill Identifier AppTests.xctest */;
			productType = "com.apple.product-type.bundle.unit-test";
		};
		18F57BA01E992E0A0013221F /* Pill Identifier AppUITests */ = {
			isa = PBXNativeTarget;
			buildConfigurationList = 18F57BB01E992E0A0013221F /* Build configuration list for PBXNativeTarget "Pill Identifier AppUITests" */;
			buildPhases = (
				18F57B9D1E992E0A0013221F /* Sources */,
				18F57B9E1E992E0A0013221F /* Frameworks */,
				18F57B9F1E992E0A0013221F /* Resources */,
			);
			buildRules = (
			);
			dependencies = (
				18F57BA31E992E0A0013221F /* PBXTargetDependency */,
			);
			name = "Pill Identifier AppUITests";
			productName = "Pill Identifier AppUITests";
			productReference = 18F57BA11E992E0A0013221F /* Pill Identifier AppUITests.xctest */;
			productType = "com.apple.product-type.bundle.ui-testing";
		};
/* End PBXNativeTarget section */

/* Begin PBXProject section */
		18F57B7A1E992E0A0013221F /* Project object */ = {
			isa = PBXProject;
			attributes = {
				LastSwiftUpdateCheck = 0830;
				LastUpgradeCheck = 1000;
				ORGANIZATIONNAME = "Phung Technology";
				TargetAttributes = {
					18F57B811E992E0A0013221F = {
						CreatedOnToolsVersion = 8.3;
						DevelopmentTeam = 5L5HNZENM9;
						LastSwiftMigration = 1000;
						ProvisioningStyle = Automatic;
					};
					18F57B951E992E0A0013221F = {
						CreatedOnToolsVersion = 8.3;
						DevelopmentTeam = 5L5HNZENM9;
						LastSwiftMigration = 1000;
						ProvisioningStyle = Automatic;
						TestTargetID = 18F57B811E992E0A0013221F;
					};
					18F57BA01E992E0A0013221F = {
						CreatedOnToolsVersion = 8.3;
						DevelopmentTeam = 5L5HNZENM9;
						LastSwiftMigration = 1000;
						ProvisioningStyle = Automatic;
						TestTargetID = 18F57B811E992E0A0013221F;
					};
				};
			};
			buildConfigurationList = 18F57B7D1E992E0A0013221F /* Build configuration list for PBXProject "Pill Identifier App" */;
			compatibilityVersion = "Xcode 3.2";
			developmentRegion = English;
			hasScannedForEncodings = 0;
			knownRegions = (
				en,
				Base,
			);
			mainGroup = 18F57B791E992E0A0013221F;
			productRefGroup = 18F57B831E992E0A0013221F /* Products */;
			projectDirPath = "";
			projectReferences = (
				{
					ProductGroup = 5E575F5220D647B500B94C16 /* Products */;
					ProjectRef = 5E575F5120D647B500B94C16 /* SwiftyJSON.xcodeproj */;
				},
			);
			projectRoot = "";
			targets = (
				18F57B811E992E0A0013221F /* Pill Identifier App */,
				18F57B951E992E0A0013221F /* Pill Identifier AppTests */,
				18F57BA01E992E0A0013221F /* Pill Identifier AppUITests */,
			);
		};
/* End PBXProject section */

/* Begin PBXReferenceProxy section */
		5E575F5D20D647B500B94C16 /* SwiftyJSON.framework */ = {
			isa = PBXReferenceProxy;
			fileType = wrapper.framework;
			path = SwiftyJSON.framework;
			remoteRef = 5E575F5C20D647B500B94C16 /* PBXContainerItemProxy */;
			sourceTree = BUILT_PRODUCTS_DIR;
		};
		5E575F5F20D647B500B94C16 /* SwiftyJSON iOS Tests.xctest */ = {
			isa = PBXReferenceProxy;
			fileType = wrapper.cfbundle;
			path = "SwiftyJSON iOS Tests.xctest";
			remoteRef = 5E575F5E20D647B500B94C16 /* PBXContainerItemProxy */;
			sourceTree = BUILT_PRODUCTS_DIR;
		};
		5E575F6120D647B500B94C16 /* SwiftyJSON.framework */ = {
			isa = PBXReferenceProxy;
			fileType = wrapper.framework;
			path = SwiftyJSON.framework;
			remoteRef = 5E575F6020D647B500B94C16 /* PBXContainerItemProxy */;
			sourceTree = BUILT_PRODUCTS_DIR;
		};
		5E575F6320D647B500B94C16 /* SwiftyJSON macOS Tests.xctest */ = {
			isa = PBXReferenceProxy;
			fileType = wrapper.cfbundle;
			path = "SwiftyJSON macOS Tests.xctest";
			remoteRef = 5E575F6220D647B500B94C16 /* PBXContainerItemProxy */;
			sourceTree = BUILT_PRODUCTS_DIR;
		};
		5E575F6520D647B500B94C16 /* SwiftyJSON.framework */ = {
			isa = PBXReferenceProxy;
			fileType = wrapper.framework;
			path = SwiftyJSON.framework;
			remoteRef = 5E575F6420D647B500B94C16 /* PBXContainerItemProxy */;
			sourceTree = BUILT_PRODUCTS_DIR;
		};
		5E575F6720D647B500B94C16 /* SwiftyJSON.framework */ = {
			isa = PBXReferenceProxy;
			fileType = wrapper.framework;
			path = SwiftyJSON.framework;
			remoteRef = 5E575F6620D647B500B94C16 /* PBXContainerItemProxy */;
			sourceTree = BUILT_PRODUCTS_DIR;
		};
		5E575F6920D647B500B94C16 /* SwiftyJSON tvOS Tests.xctest */ = {
			isa = PBXReferenceProxy;
			fileType = wrapper.cfbundle;
			path = "SwiftyJSON tvOS Tests.xctest";
			remoteRef = 5E575F6820D647B500B94C16 /* PBXContainerItemProxy */;
			sourceTree = BUILT_PRODUCTS_DIR;
		};
/* End PBXReferenceProxy section */

/* Begin PBXResourcesBuildPhase section */
		18F57B801E992E0A0013221F /* Resources */ = {
			isa = PBXResourcesBuildPhase;
			buildActionMask = 2147483647;
			files = (
				18F57B901E992E0A0013221F /* LaunchScreen.storyboard in Resources */,
				18F57B8D1E992E0A0013221F /* Assets.xcassets in Resources */,
				18F57B8B1E992E0A0013221F /* Main.storyboard in Resources */,
			);
			runOnlyForDeploymentPostprocessing = 0;
		};
		18F57B941E992E0A0013221F /* Resources */ = {
			isa = PBXResourcesBuildPhase;
			buildActionMask = 2147483647;
			files = (
			);
			runOnlyForDeploymentPostprocessing = 0;
		};
		18F57B9F1E992E0A0013221F /* Resources */ = {
			isa = PBXResourcesBuildPhase;
			buildActionMask = 2147483647;
			files = (
			);
			runOnlyForDeploymentPostprocessing = 0;
		};
/* End PBXResourcesBuildPhase section */

/* Begin PBXSourcesBuildPhase section */
		18F57B7E1E992E0A0013221F /* Sources */ = {
			isa = PBXSourcesBuildPhase;
			buildActionMask = 2147483647;
			files = (
				5E29DF0420D72171009694B6 /* ViewController.swift in Sources */,
				18F57B861E992E0A0013221F /* AppDelegate.swift in Sources */,
				5E575F1620D6378300B94C16 /* PillSearchViewController.swift in Sources */,
			);
			runOnlyForDeploymentPostprocessing = 0;
		};
		18F57B921E992E0A0013221F /* Sources */ = {
			isa = PBXSourcesBuildPhase;
			buildActionMask = 2147483647;
			files = (
				18F57B9B1E992E0A0013221F /* Pill_Identifier_AppTests.swift in Sources */,
			);
			runOnlyForDeploymentPostprocessing = 0;
		};
		18F57B9D1E992E0A0013221F /* Sources */ = {
			isa = PBXSourcesBuildPhase;
			buildActionMask = 2147483647;
			files = (
				18F57BA61E992E0A0013221F /* Pill_Identifier_AppUITests.swift in Sources */,
			);
			runOnlyForDeploymentPostprocessing = 0;
		};
/* End PBXSourcesBuildPhase section */

/* Begin PBXTargetDependency section */
		18F57B981E992E0A0013221F /* PBXTargetDependency */ = {
			isa = PBXTargetDependency;
			target = 18F57B811E992E0A0013221F /* Pill Identifier App */;
			targetProxy = 18F57B971E992E0A0013221F /* PBXContainerItemProxy */;
		};
		18F57BA31E992E0A0013221F /* PBXTargetDependency */ = {
			isa = PBXTargetDependency;
			target = 18F57B811E992E0A0013221F /* Pill Identifier App */;
			targetProxy = 18F57BA21E992E0A0013221F /* PBXContainerItemProxy */;
		};
/* End PBXTargetDependency section */

/* Begin PBXVariantGroup section */
		18F57B891E992E0A0013221F /* Main.storyboard */ = {
			isa = PBXVariantGroup;
			children = (
				18F57B8A1E992E0A0013221F /* Base */,
			);
			name = Main.storyboard;
			sourceTree = "<group>";
		};
		18F57B8E1E992E0A0013221F /* LaunchScreen.storyboard */ = {
			isa = PBXVariantGroup;
			children = (
				18F57B8F1E992E0A0013221F /* Base */,
			);
			name = LaunchScreen.storyboard;
			sourceTree = "<group>";
		};
/* End PBXVariantGroup section */

/* Begin XCBuildConfiguration section */
		18F57BA81E992E0A0013221F /* Debug */ = {
			isa = XCBuildConfiguration;
			buildSettings = {
				CLANG_ANALYZER_NONNULL = YES;
				CLANG_ANALYZER_NUMBER_OBJECT_CONVERSION = YES_AGGRESSIVE;
				CLANG_CXX_LANGUAGE_STANDARD = "gnu++0x";
				CLANG_CXX_LIBRARY = "libc++";
				CLANG_ENABLE_MODULES = YES;
				CLANG_ENABLE_OBJC_ARC = YES;
				CLANG_WARN_BLOCK_CAPTURE_AUTORELEASING = YES;
				CLANG_WARN_BOOL_CONVERSION = YES;
				CLANG_WARN_COMMA = YES;
				CLANG_WARN_CONSTANT_CONVERSION = YES;
				CLANG_WARN_DEPRECATED_OBJC_IMPLEMENTATIONS = YES;
				CLANG_WARN_DIRECT_OBJC_ISA_USAGE = YES_ERROR;
				CLANG_WARN_DOCUMENTATION_COMMENTS = YES;
				CLANG_WARN_EMPTY_BODY = YES;
				CLANG_WARN_ENUM_CONVERSION = YES;
				CLANG_WARN_INFINITE_RECURSION = YES;
				CLANG_WARN_INT_CONVERSION = YES;
				CLANG_WARN_NON_LITERAL_NULL_CONVERSION = YES;
				CLANG_WARN_OBJC_IMPLICIT_RETAIN_SELF = YES;
				CLANG_WARN_OBJC_LITERAL_CONVERSION = YES;
				CLANG_WARN_OBJC_ROOT_CLASS = YES_ERROR;
				CLANG_WARN_RANGE_LOOP_ANALYSIS = YES;
				CLANG_WARN_STRICT_PROTOTYPES = YES;
				CLANG_WARN_SUSPICIOUS_MOVE = YES;
				CLANG_WARN_UNREACHABLE_CODE = YES;
				CLANG_WARN__DUPLICATE_METHOD_MATCH = YES;
				CODE_SIGN_IDENTITY = "iPhone Developer: Eric Phung (93CL2J7UWJ)";
				"CODE_SIGN_IDENTITY[sdk=iphoneos*]" = "";
				COPY_PHASE_STRIP = NO;
				DEBUG_INFORMATION_FORMAT = dwarf;
				ENABLE_STRICT_OBJC_MSGSEND = YES;
				ENABLE_TESTABILITY = YES;
				GCC_C_LANGUAGE_STANDARD = gnu99;
				GCC_DYNAMIC_NO_PIC = NO;
				GCC_NO_COMMON_BLOCKS = YES;
				GCC_OPTIMIZATION_LEVEL = 0;
				GCC_PREPROCESSOR_DEFINITIONS = (
					"DEBUG=1",
					"$(inherited)",
				);
				GCC_WARN_64_TO_32_BIT_CONVERSION = YES;
				GCC_WARN_ABOUT_RETURN_TYPE = YES_ERROR;
				GCC_WARN_STRICT_SELECTOR_MATCH = YES;
				GCC_WARN_UNDECLARED_SELECTOR = YES;
				GCC_WARN_UNINITIALIZED_AUTOS = YES_AGGRESSIVE;
				GCC_WARN_UNUSED_FUNCTION = YES;
				GCC_WARN_UNUSED_VARIABLE = YES;
				IPHONEOS_DEPLOYMENT_TARGET = 10.0;
				MTL_ENABLE_DEBUG_INFO = YES;
				ONLY_ACTIVE_ARCH = YES;
				SDKROOT = iphoneos;
				SWIFT_ACTIVE_COMPILATION_CONDITIONS = DEBUG;
				SWIFT_OPTIMIZATION_LEVEL = "-Onone";
				TARGETED_DEVICE_FAMILY = "1,2";
			};
			name = Debug;
		};
		18F57BA91E992E0A0013221F /* Release */ = {
			isa = XCBuildConfiguration;
			buildSettings = {
				CLANG_ANALYZER_NONNULL = YES;
				CLANG_ANALYZER_NUMBER_OBJECT_CONVERSION = YES_AGGRESSIVE;
				CLANG_CXX_LANGUAGE_STANDARD = "gnu++0x";
				CLANG_CXX_LIBRARY = "libc++";
				CLANG_ENABLE_MODULES = YES;
				CLANG_ENABLE_OBJC_ARC = YES;
				CLANG_WARN_BLOCK_CAPTURE_AUTORELEASING = YES;
				CLANG_WARN_BOOL_CONVERSION = YES;
				CLANG_WARN_COMMA = YES;
				CLANG_WARN_CONSTANT_CONVERSION = YES;
				CLANG_WARN_DEPRECATED_OBJC_IMPLEMENTATIONS = YES;
				CLANG_WARN_DIRECT_OBJC_ISA_USAGE = YES_ERROR;
				CLANG_WARN_DOCUMENTATION_COMMENTS = YES;
				CLANG_WARN_EMPTY_BODY = YES;
				CLANG_WARN_ENUM_CONVERSION = YES;
				CLANG_WARN_INFINITE_RECURSION = YES;
				CLANG_WARN_INT_CONVERSION = YES;
				CLANG_WARN_NON_LITERAL_NULL_CONVERSION = YES;
				CLANG_WARN_OBJC_IMPLICIT_RETAIN_SELF = YES;
				CLANG_WARN_OBJC_LITERAL_CONVERSION = YES;
				CLANG_WARN_OBJC_ROOT_CLASS = YES_ERROR;
				CLANG_WARN_RANGE_LOOP_ANALYSIS = YES;
				CLANG_WARN_STRICT_PROTOTYPES = YES;
				CLANG_WARN_SUSPICIOUS_MOVE = YES;
				CLANG_WARN_UNREACHABLE_CODE = YES;
				CLANG_WARN__DUPLICATE_METHOD_MATCH = YES;
				CODE_SIGN_IDENTITY = "iPhone Developer: Eric Phung (93CL2J7UWJ)";
				"CODE_SIGN_IDENTITY[sdk=iphoneos*]" = "";
				COPY_PHASE_STRIP = NO;
				DEBUG_INFORMATION_FORMAT = "dwarf-with-dsym";
				ENABLE_NS_ASSERTIONS = NO;
				ENABLE_STRICT_OBJC_MSGSEND = YES;
				GCC_C_LANGUAGE_STANDARD = gnu99;
				GCC_NO_COMMON_BLOCKS = YES;
				GCC_WARN_64_TO_32_BIT_CONVERSION = YES;
				GCC_WARN_ABOUT_RETURN_TYPE = YES_ERROR;
				GCC_WARN_STRICT_SELECTOR_MATCH = YES;
				GCC_WARN_UNDECLARED_SELECTOR = YES;
				GCC_WARN_UNINITIALIZED_AUTOS = YES_AGGRESSIVE;
				GCC_WARN_UNUSED_FUNCTION = YES;
				GCC_WARN_UNUSED_VARIABLE = YES;
				IPHONEOS_DEPLOYMENT_TARGET = 10.0;
				MTL_ENABLE_DEBUG_INFO = NO;
				ONLY_ACTIVE_ARCH = NO;
				SDKROOT = iphoneos;
				SWIFT_OPTIMIZATION_LEVEL = "-Owholemodule";
				TARGETED_DEVICE_FAMILY = "1,2";
				VALIDATE_PRODUCT = YES;
			};
			name = Release;
		};
		18F57BAB1E992E0A0013221F /* Debug */ = {
			isa = XCBuildConfiguration;
			buildSettings = {
				ALWAYS_EMBED_SWIFT_STANDARD_LIBRARIES = YES;
				ASSETCATALOG_COMPILER_APPICON_NAME = AppIcon;
				DEVELOPMENT_TEAM = 5L5HNZENM9;
				INFOPLIST_FILE = "Pill Identifier App/Info.plist";
				LD_RUNPATH_SEARCH_PATHS = "$(inherited) @executable_path/Frameworks";
				PRODUCT_BUNDLE_IDENTIFIER = "com.phungtech.Pill-Identifier-App";
				PRODUCT_NAME = "$(TARGET_NAME)";
				SWIFT_SWIFT3_OBJC_INFERENCE = On;
				SWIFT_VERSION = 4.2;
			};
			name = Debug;
		};
		18F57BAC1E992E0A0013221F /* Release */ = {
			isa = XCBuildConfiguration;
			buildSettings = {
				ALWAYS_EMBED_SWIFT_STANDARD_LIBRARIES = YES;
				ASSETCATALOG_COMPILER_APPICON_NAME = AppIcon;
				DEVELOPMENT_TEAM = 5L5HNZENM9;
				INFOPLIST_FILE = "Pill Identifier App/Info.plist";
				LD_RUNPATH_SEARCH_PATHS = "$(inherited) @executable_path/Frameworks";
				PRODUCT_BUNDLE_IDENTIFIER = "com.phungtech.Pill-Identifier-App";
				PRODUCT_NAME = "$(TARGET_NAME)";
				SWIFT_SWIFT3_OBJC_INFERENCE = On;
				SWIFT_VERSION = 4.2;
			};
			name = Release;
		};
		18F57BAE1E992E0A0013221F /* Debug */ = {
			isa = XCBuildConfiguration;
			buildSettings = {
				ALWAYS_EMBED_SWIFT_STANDARD_LIBRARIES = YES;
				BUNDLE_LOADER = "$(TEST_HOST)";
				DEVELOPMENT_TEAM = 5L5HNZENM9;
				INFOPLIST_FILE = "Pill Identifier AppTests/Info.plist";
				LD_RUNPATH_SEARCH_PATHS = "$(inherited) @executable_path/Frameworks @loader_path/Frameworks";
				PRODUCT_BUNDLE_IDENTIFIER = "com.phungtech.Pill-Identifier-AppTests";
				PRODUCT_NAME = "$(TARGET_NAME)";
				SWIFT_SWIFT3_OBJC_INFERENCE = On;
				SWIFT_VERSION = 4.2;
				TEST_HOST = "$(BUILT_PRODUCTS_DIR)/Pill Identifier App.app/Pill Identifier App";
			};
			name = Debug;
		};
		18F57BAF1E992E0A0013221F /* Release */ = {
			isa = XCBuildConfiguration;
			buildSettings = {
				ALWAYS_EMBED_SWIFT_STANDARD_LIBRARIES = YES;
				BUNDLE_LOADER = "$(TEST_HOST)";
				DEVELOPMENT_TEAM = 5L5HNZENM9;
				INFOPLIST_FILE = "Pill Identifier AppTests/Info.plist";
				LD_RUNPATH_SEARCH_PATHS = "$(inherited) @executable_path/Frameworks @loader_path/Frameworks";
				PRODUCT_BUNDLE_IDENTIFIER = "com.phungtech.Pill-Identifier-AppTests";
				PRODUCT_NAME = "$(TARGET_NAME)";
				SWIFT_SWIFT3_OBJC_INFERENCE = On;
				SWIFT_VERSION = 4.2;
				TEST_HOST = "$(BUILT_PRODUCTS_DIR)/Pill Identifier App.app/Pill Identifier App";
			};
			name = Release;
		};
		18F57BB11E992E0A0013221F /* Debug */ = {
			isa = XCBuildConfiguration;
			buildSettings = {
				ALWAYS_EMBED_SWIFT_STANDARD_LIBRARIES = YES;
				DEVELOPMENT_TEAM = 5L5HNZENM9;
				INFOPLIST_FILE = "Pill Identifier AppUITests/Info.plist";
				LD_RUNPATH_SEARCH_PATHS = "$(inherited) @executable_path/Frameworks @loader_path/Frameworks";
				PRODUCT_BUNDLE_IDENTIFIER = "com.phungtech.Pill-Identifier-AppUITests";
				PRODUCT_NAME = "$(TARGET_NAME)";
				SWIFT_SWIFT3_OBJC_INFERENCE = On;
				SWIFT_VERSION = 4.2;
				TEST_TARGET_NAME = "Pill Identifier App";
			};
			name = Debug;
		};
		18F57BB21E992E0A0013221F /* Release */ = {
			isa = XCBuildConfiguration;
			buildSettings = {
				ALWAYS_EMBED_SWIFT_STANDARD_LIBRARIES = YES;
				DEVELOPMENT_TEAM = 5L5HNZENM9;
				INFOPLIST_FILE = "Pill Identifier AppUITests/Info.plist";
				LD_RUNPATH_SEARCH_PATHS = "$(inherited) @executable_path/Frameworks @loader_path/Frameworks";
				PRODUCT_BUNDLE_IDENTIFIER = "com.phungtech.Pill-Identifier-AppUITests";
				PRODUCT_NAME = "$(TARGET_NAME)";
				SWIFT_SWIFT3_OBJC_INFERENCE = On;
				SWIFT_VERSION = 4.2;
				TEST_TARGET_NAME = "Pill Identifier App";
			};
			name = Release;
		};
/* End XCBuildConfiguration section */

/* Begin XCConfigurationList section */
		18F57B7D1E992E0A0013221F /* Build configuration list for PBXProject "Pill Identifier App" */ = {
			isa = XCConfigurationList;
			buildConfigurations = (
				18F57BA81E992E0A0013221F /* Debug */,
				18F57BA91E992E0A0013221F /* Release */,
			);
			defaultConfigurationIsVisible = 0;
			defaultConfigurationName = Release;
		};
		18F57BAA1E992E0A0013221F /* Build configuration list for PBXNativeTarget "Pill Identifier App" */ = {
			isa = XCConfigurationList;
			buildConfigurations = (
				18F57BAB1E992E0A0013221F /* Debug */,
				18F57BAC1E992E0A0013221F /* Release */,
			);
			defaultConfigurationIsVisible = 0;
			defaultConfigurationName = Release;
		};
		18F57BAD1E992E0A0013221F /* Build configuration list for PBXNativeTarget "Pill Identifier AppTests" */ = {
			isa = XCConfigurationList;
			buildConfigurations = (
				18F57BAE1E992E0A0013221F /* Debug */,
				18F57BAF1E992E0A0013221F /* Release */,
			);
			defaultConfigurationIsVisible = 0;
			defaultConfigurationName = Release;
		};
		18F57BB01E992E0A0013221F /* Build configuration list for PBXNativeTarget "Pill Identifier AppUITests" */ = {
			isa = XCConfigurationList;
			buildConfigurations = (
				18F57BB11E992E0A0013221F /* Debug */,
				18F57BB21E992E0A0013221F /* Release */,
			);
			defaultConfigurationIsVisible = 0;
			defaultConfigurationName = Release;
		};
/* End XCConfigurationList section */
	};
	rootObject = 18F57B7A1E992E0A0013221F /* Project object */;
}
