// !$*UTF8*$!
{
	archiveVersion = 1;
	classes = {
	};
	objectVersion = 46;
	objects = {

/* Begin PBXBuildFile section */
		18DDEE5D8E755C04415EA7F8 /* Pods_Pill_Identifier_AppUITests.framework in Frameworks */ = {isa = PBXBuildFile; fileRef = B8661E58B30132A77B1C1924 /* Pods_Pill_Identifier_AppUITests.framework */; };
		18F57B861E992E0A0013221F /* AppDelegate.swift in Sources */ = {isa = PBXBuildFile; fileRef = 18F57B851E992E0A0013221F /* AppDelegate.swift */; };
		18F57B8D1E992E0A0013221F /* Assets.xcassets in Resources */ = {isa = PBXBuildFile; fileRef = 18F57B8C1E992E0A0013221F /* Assets.xcassets */; };
		18F57B901E992E0A0013221F /* LaunchScreen.storyboard in Resources */ = {isa = PBXBuildFile; fileRef = 18F57B8E1E992E0A0013221F /* LaunchScreen.storyboard */; };
		18F57B9B1E992E0A0013221F /* Pill_Identifier_AppTests.swift in Sources */ = {isa = PBXBuildFile; fileRef = 18F57B9A1E992E0A0013221F /* Pill_Identifier_AppTests.swift */; };
		18F57BA61E992E0A0013221F /* Pill_Identifier_AppUITests.swift in Sources */ = {isa = PBXBuildFile; fileRef = 18F57BA51E992E0A0013221F /* Pill_Identifier_AppUITests.swift */; };
		5E24318C20F37FEE000AE1B1 /* Main.storyboard in Resources */ = {isa = PBXBuildFile; fileRef = 5E24318B20F37FEE000AE1B1 /* Main.storyboard */; };
		5E29F7B320EFCA2A00549742 /* notes in Resources */ = {isa = PBXBuildFile; fileRef = 5E29F7B220EFCA2900549742 /* notes */; };
		5E29F7C320EFDA2F00549742 /* CellDataClass.swift in Sources */ = {isa = PBXBuildFile; fileRef = 5E29F7B620EFCE1B00549742 /* CellDataClass.swift */; };
		5E49D4F720D87713002C8469 /* NorthSouthViewController.swift in Sources */ = {isa = PBXBuildFile; fileRef = 5E49D4F620D87713002C8469 /* NorthSouthViewController.swift */; };
		5E49D4F920D87BCE002C8469 /* CardDisplayViewController.swift in Sources */ = {isa = PBXBuildFile; fileRef = 5E49D4F820D87BCE002C8469 /* CardDisplayViewController.swift */; };
		5E49D4FD20D8FFCF002C8469 /* TestViewController.swift in Sources */ = {isa = PBXBuildFile; fileRef = 5E49D4FC20D8FFCF002C8469 /* TestViewController.swift */; };
		5E86255620F29B010023E297 /* BoxButtonClass.swift in Sources */ = {isa = PBXBuildFile; fileRef = 5E86255520F29B010023E297 /* BoxButtonClass.swift */; };
		5E86255720F29B010023E297 /* BoxButtonClass.swift in Sources */ = {isa = PBXBuildFile; fileRef = 5E86255520F29B010023E297 /* BoxButtonClass.swift */; };
		5E86255820F29B010023E297 /* BoxButtonClass.swift in Sources */ = {isa = PBXBuildFile; fileRef = 5E86255520F29B010023E297 /* BoxButtonClass.swift */; };
		5EBBC44D20F2A77B004A9EEE /* PillClass.swift in Sources */ = {isa = PBXBuildFile; fileRef = 5EBBC44C20F2A77B004A9EEE /* PillClass.swift */; };
		5EE2747920F48BDC00625691 /* SearchViewController.swift in Sources */ = {isa = PBXBuildFile; fileRef = 5EE2747820F48BDC00625691 /* SearchViewController.swift */; };
		5EE2747C20F48C2500625691 /* TableViewCell2.swift in Sources */ = {isa = PBXBuildFile; fileRef = 5EE2747A20F48C2500625691 /* TableViewCell2.swift */; };
		5EE2747D20F48C2500625691 /* TableViewCell2.xib in Resources */ = {isa = PBXBuildFile; fileRef = 5EE2747B20F48C2500625691 /* TableViewCell2.xib */; };
		5EF6B98220F5037F00D3DFD6 /* Globals.swift in Sources */ = {isa = PBXBuildFile; fileRef = 5EF6B98120F5037F00D3DFD6 /* Globals.swift */; };
		5EF7DD4E20E18AB500EF5F2E /* ResultsTableViewController.swift in Sources */ = {isa = PBXBuildFile; fileRef = 5EF7DD4D20E18AB500EF5F2E /* ResultsTableViewController.swift */; };
		5EF7DD5120E18BEE00EF5F2E /* TableViewCell1.swift in Sources */ = {isa = PBXBuildFile; fileRef = 5EF7DD4F20E18BEE00EF5F2E /* TableViewCell1.swift */; };
		5EF7DD5220E18BEE00EF5F2E /* TableViewCell1.xib in Resources */ = {isa = PBXBuildFile; fileRef = 5EF7DD5020E18BEE00EF5F2E /* TableViewCell1.xib */; };
		630F65D7715A1A70CBB4D62E /* Pods_Pill_Identifier_AppTests.framework in Frameworks */ = {isa = PBXBuildFile; fileRef = AED7DFC39C9B124A77281F11 /* Pods_Pill_Identifier_AppTests.framework */; };
		981D4E554E010135351A3921 /* Pods_Pill_Identifier_App.framework in Frameworks */ = {isa = PBXBuildFile; fileRef = DCD64754BEF6F5E47D76676F /* Pods_Pill_Identifier_App.framework */; };
/* End PBXBuildFile section */

/* Begin PBXContainerItemProxy section */
		18F57BA21E992E0A0013221F /* PBXContainerItemProxy */ = {
			isa = PBXContainerItemProxy;
			containerPortal = 18F57B7A1E992E0A0013221F /* Project object */;
			proxyType = 1;
			remoteGlobalIDString = 18F57B811E992E0A0013221F;
			remoteInfo = "Pill Identifier App";
		};
/* End PBXContainerItemProxy section */

/* Begin PBXCopyFilesBuildPhase section */
		5E575F3620D63FF600B94C16 /* Embed Frameworks */ = {
			isa = PBXCopyFilesBuildPhase;
			buildActionMask = 2147483647;
			dstPath = "";
			dstSubfolderSpec = 10;
			files = (
			);
			name = "Embed Frameworks";
			runOnlyForDeploymentPostprocessing = 0;
		};
/* End PBXCopyFilesBuildPhase section */

/* Begin PBXFileReference section */
		0D7F6F434A4EA7E3245C2F8D /* Pods-Pill Identifier AppUITests.debug.xcconfig */ = {isa = PBXFileReference; includeInIndex = 1; lastKnownFileType = text.xcconfig; name = "Pods-Pill Identifier AppUITests.debug.xcconfig"; path = "Pods/Target Support Files/Pods-Pill Identifier AppUITests/Pods-Pill Identifier AppUITests.debug.xcconfig"; sourceTree = "<group>"; };
		18F57B821E992E0A0013221F /* Pill Identifier App.app */ = {isa = PBXFileReference; explicitFileType = wrapper.application; includeInIndex = 0; path = "Pill Identifier App.app"; sourceTree = BUILT_PRODUCTS_DIR; };
		18F57B851E992E0A0013221F /* AppDelegate.swift */ = {isa = PBXFileReference; lastKnownFileType = sourcecode.swift; path = AppDelegate.swift; sourceTree = "<group>"; };
		18F57B8C1E992E0A0013221F /* Assets.xcassets */ = {isa = PBXFileReference; lastKnownFileType = folder.assetcatalog; path = Assets.xcassets; sourceTree = "<group>"; };
		18F57B8F1E992E0A0013221F /* Base */ = {isa = PBXFileReference; lastKnownFileType = file.storyboard; name = Base; path = Base.lproj/LaunchScreen.storyboard; sourceTree = "<group>"; };
		18F57B911E992E0A0013221F /* Info.plist */ = {isa = PBXFileReference; lastKnownFileType = text.plist.xml; path = Info.plist; sourceTree = "<group>"; };
		18F57B961E992E0A0013221F /* Pill Identifier AppTests.xctest */ = {isa = PBXFileReference; explicitFileType = wrapper.cfbundle; includeInIndex = 0; path = "Pill Identifier AppTests.xctest"; sourceTree = BUILT_PRODUCTS_DIR; };
		18F57B9A1E992E0A0013221F /* Pill_Identifier_AppTests.swift */ = {isa = PBXFileReference; lastKnownFileType = sourcecode.swift; path = Pill_Identifier_AppTests.swift; sourceTree = "<group>"; };
		18F57B9C1E992E0A0013221F /* Info.plist */ = {isa = PBXFileReference; lastKnownFileType = text.plist.xml; path = Info.plist; sourceTree = "<group>"; };
		18F57BA11E992E0A0013221F /* Pill Identifier AppUITests.xctest */ = {isa = PBXFileReference; explicitFileType = wrapper.cfbundle; includeInIndex = 0; path = "Pill Identifier AppUITests.xctest"; sourceTree = BUILT_PRODUCTS_DIR; };
		18F57BA51E992E0A0013221F /* Pill_Identifier_AppUITests.swift */ = {isa = PBXFileReference; lastKnownFileType = sourcecode.swift; path = Pill_Identifier_AppUITests.swift; sourceTree = "<group>"; };
		18F57BA71E992E0A0013221F /* Info.plist */ = {isa = PBXFileReference; lastKnownFileType = text.plist.xml; path = Info.plist; sourceTree = "<group>"; };
		3741B1114C70319E10746FF5 /* Pods-Pill Identifier AppTests.release.xcconfig */ = {isa = PBXFileReference; includeInIndex = 1; lastKnownFileType = text.xcconfig; name = "Pods-Pill Identifier AppTests.release.xcconfig"; path = "Pods/Target Support Files/Pods-Pill Identifier AppTests/Pods-Pill Identifier AppTests.release.xcconfig"; sourceTree = "<group>"; };
		5E24318B20F37FEE000AE1B1 /* Main.storyboard */ = {isa = PBXFileReference; fileEncoding = 4; lastKnownFileType = file.storyboard; path = Main.storyboard; sourceTree = "<group>"; };
		5E29F7B220EFCA2900549742 /* notes */ = {isa = PBXFileReference; lastKnownFileType = folder; path = notes; sourceTree = "<group>"; };
		5E29F7B620EFCE1B00549742 /* CellDataClass.swift */ = {isa = PBXFileReference; lastKnownFileType = sourcecode.swift; name = CellDataClass.swift; path = "Pill Identifier App/ViewControllers/CellDataClass.swift"; sourceTree = SOURCE_ROOT; };
		5E49D4F620D87713002C8469 /* NorthSouthViewController.swift */ = {isa = PBXFileReference; lastKnownFileType = sourcecode.swift; path = NorthSouthViewController.swift; sourceTree = "<group>"; };
		5E49D4F820D87BCE002C8469 /* CardDisplayViewController.swift */ = {isa = PBXFileReference; lastKnownFileType = sourcecode.swift; path = CardDisplayViewController.swift; sourceTree = "<group>"; };
		5E49D4FC20D8FFCF002C8469 /* TestViewController.swift */ = {isa = PBXFileReference; lastKnownFileType = sourcecode.swift; path = TestViewController.swift; sourceTree = "<group>"; };
		5E86255520F29B010023E297 /* BoxButtonClass.swift */ = {isa = PBXFileReference; fileEncoding = 4; lastKnownFileType = sourcecode.swift; path = BoxButtonClass.swift; sourceTree = "<group>"; };
		5EBBC44C20F2A77B004A9EEE /* PillClass.swift */ = {isa = PBXFileReference; fileEncoding = 4; lastKnownFileType = sourcecode.swift; path = PillClass.swift; sourceTree = "<group>"; };
		5EE2747820F48BDC00625691 /* SearchViewController.swift */ = {isa = PBXFileReference; fileEncoding = 4; lastKnownFileType = sourcecode.swift; path = SearchViewController.swift; sourceTree = "<group>"; };
		5EE2747A20F48C2500625691 /* TableViewCell2.swift */ = {isa = PBXFileReference; fileEncoding = 4; lastKnownFileType = sourcecode.swift; path = TableViewCell2.swift; sourceTree = "<group>"; };
		5EE2747B20F48C2500625691 /* TableViewCell2.xib */ = {isa = PBXFileReference; fileEncoding = 4; lastKnownFileType = file.xib; path = TableViewCell2.xib; sourceTree = "<group>"; };
		5EF6B98120F5037F00D3DFD6 /* Globals.swift */ = {isa = PBXFileReference; lastKnownFileType = sourcecode.swift; path = Globals.swift; sourceTree = "<group>"; };
		5EF7DD4D20E18AB500EF5F2E /* ResultsTableViewController.swift */ = {isa = PBXFileReference; lastKnownFileType = sourcecode.swift; path = ResultsTableViewController.swift; sourceTree = "<group>"; };
		5EF7DD4F20E18BEE00EF5F2E /* TableViewCell1.swift */ = {isa = PBXFileReference; lastKnownFileType = sourcecode.swift; path = TableViewCell1.swift; sourceTree = "<group>"; };
		5EF7DD5020E18BEE00EF5F2E /* TableViewCell1.xib */ = {isa = PBXFileReference; lastKnownFileType = file.xib; path = TableViewCell1.xib; sourceTree = "<group>"; };
		69B7E40B35288614CB2B913F /* Pods-Pill Identifier AppTests.debug.xcconfig */ = {isa = PBXFileReference; includeInIndex = 1; lastKnownFileType = text.xcconfig; name = "Pods-Pill Identifier AppTests.debug.xcconfig"; path = "Pods/Target Support Files/Pods-Pill Identifier AppTests/Pods-Pill Identifier AppTests.debug.xcconfig"; sourceTree = "<group>"; };
		7E49BA3C3BD26D08FDBE219B /* Pods-Pill Identifier AppUITests.release.xcconfig */ = {isa = PBXFileReference; includeInIndex = 1; lastKnownFileType = text.xcconfig; name = "Pods-Pill Identifier AppUITests.release.xcconfig"; path = "Pods/Target Support Files/Pods-Pill Identifier AppUITests/Pods-Pill Identifier AppUITests.release.xcconfig"; sourceTree = "<group>"; };
		8CC71BA851764D61EF0D8446 /* Pods-Pill Identifier App.debug.xcconfig */ = {isa = PBXFileReference; includeInIndex = 1; lastKnownFileType = text.xcconfig; name = "Pods-Pill Identifier App.debug.xcconfig"; path = "Pods/Target Support Files/Pods-Pill Identifier App/Pods-Pill Identifier App.debug.xcconfig"; sourceTree = "<group>"; };
		AED7DFC39C9B124A77281F11 /* Pods_Pill_Identifier_AppTests.framework */ = {isa = PBXFileReference; explicitFileType = wrapper.framework; includeInIndex = 0; path = Pods_Pill_Identifier_AppTests.framework; sourceTree = BUILT_PRODUCTS_DIR; };
		B8661E58B30132A77B1C1924 /* Pods_Pill_Identifier_AppUITests.framework */ = {isa = PBXFileReference; explicitFileType = wrapper.framework; includeInIndex = 0; path = Pods_Pill_Identifier_AppUITests.framework; sourceTree = BUILT_PRODUCTS_DIR; };
		BE6FEDA8B1C1B9663C356615 /* Pods-Pill Identifier App.release.xcconfig */ = {isa = PBXFileReference; includeInIndex = 1; lastKnownFileType = text.xcconfig; name = "Pods-Pill Identifier App.release.xcconfig"; path = "Pods/Target Support Files/Pods-Pill Identifier App/Pods-Pill Identifier App.release.xcconfig"; sourceTree = "<group>"; };
		DCD64754BEF6F5E47D76676F /* Pods_Pill_Identifier_App.framework */ = {isa = PBXFileReference; explicitFileType = wrapper.framework; includeInIndex = 0; path = Pods_Pill_Identifier_App.framework; sourceTree = BUILT_PRODUCTS_DIR; };
/* End PBXFileReference section */

/* Begin PBXFrameworksBuildPhase section */
		18F57B7F1E992E0A0013221F /* Frameworks */ = {
			isa = PBXFrameworksBuildPhase;
			buildActionMask = 2147483647;
			files = (
				981D4E554E010135351A3921 /* Pods_Pill_Identifier_App.framework in Frameworks */,
			);
			runOnlyForDeploymentPostprocessing = 0;
		};
		18F57B931E992E0A0013221F /* Frameworks */ = {
			isa = PBXFrameworksBuildPhase;
			buildActionMask = 2147483647;
			files = (
				630F65D7715A1A70CBB4D62E /* Pods_Pill_Identifier_AppTests.framework in Frameworks */,
			);
			runOnlyForDeploymentPostprocessing = 0;
		};
		18F57B9E1E992E0A0013221F /* Frameworks */ = {
			isa = PBXFrameworksBuildPhase;
			buildActionMask = 2147483647;
			files = (
				18DDEE5D8E755C04415EA7F8 /* Pods_Pill_Identifier_AppUITests.framework in Frameworks */,
			);
			runOnlyForDeploymentPostprocessing = 0;
		};
/* End PBXFrameworksBuildPhase section */

/* Begin PBXGroup section */
		18F57B791E992E0A0013221F = {
			isa = PBXGroup;
			children = (
				5E29F7B220EFCA2900549742 /* notes */,
				18F57B841E992E0A0013221F /* Pill Identifier App */,
				18F57B991E992E0A0013221F /* Pill Identifier AppTests */,
				18F57BA41E992E0A0013221F /* Pill Identifier AppUITests */,
				18F57B831E992E0A0013221F /* Products */,
				5E575F6A20D647CE00B94C16 /* Frameworks */,
				B99B76D3C0981C1D910857E7 /* Pods */,
			);
			sourceTree = "<group>";
		};
		18F57B831E992E0A0013221F /* Products */ = {
			isa = PBXGroup;
			children = (
				18F57B821E992E0A0013221F /* Pill Identifier App.app */,
				18F57B961E992E0A0013221F /* Pill Identifier AppTests.xctest */,
				18F57BA11E992E0A0013221F /* Pill Identifier AppUITests.xctest */,
			);
			name = Products;
			sourceTree = "<group>";
		};
		18F57B841E992E0A0013221F /* Pill Identifier App */ = {
			isa = PBXGroup;
			children = (
				5E7756D120E5B74100510808 /* ViewControllers */,
				5E7756D020E5AE0F00510808 /* Supporting Files */,
				5E7756D220E5B76A00510808 /* TableCells */,
				18F57B911E992E0A0013221F /* Info.plist */,
			);
			path = "Pill Identifier App";
			sourceTree = "<group>";
		};
		18F57B991E992E0A0013221F /* Pill Identifier AppTests */ = {
			isa = PBXGroup;
			children = (
				18F57B9A1E992E0A0013221F /* Pill_Identifier_AppTests.swift */,
				18F57B9C1E992E0A0013221F /* Info.plist */,
			);
			path = "Pill Identifier AppTests";
			sourceTree = "<group>";
		};
		18F57BA41E992E0A0013221F /* Pill Identifier AppUITests */ = {
			isa = PBXGroup;
			children = (
				18F57BA51E992E0A0013221F /* Pill_Identifier_AppUITests.swift */,
				18F57BA71E992E0A0013221F /* Info.plist */,
			);
			path = "Pill Identifier AppUITests";
			sourceTree = "<group>";
		};
		5E575F6A20D647CE00B94C16 /* Frameworks */ = {
			isa = PBXGroup;
			children = (
				DCD64754BEF6F5E47D76676F /* Pods_Pill_Identifier_App.framework */,
				AED7DFC39C9B124A77281F11 /* Pods_Pill_Identifier_AppTests.framework */,
				B8661E58B30132A77B1C1924 /* Pods_Pill_Identifier_AppUITests.framework */,
			);
			name = Frameworks;
			sourceTree = "<group>";
		};
		5E7756D020E5AE0F00510808 /* Supporting Files */ = {
			isa = PBXGroup;
			children = (
				18F57B8C1E992E0A0013221F /* Assets.xcassets */,
				18F57B8E1E992E0A0013221F /* LaunchScreen.storyboard */,
			);
			path = "Supporting Files";
			sourceTree = "<group>";
		};
		5E7756D120E5B74100510808 /* ViewControllers */ = {
			isa = PBXGroup;
			children = (
				5EE2747820F48BDC00625691 /* SearchViewController.swift */,
				5E86255520F29B010023E297 /* BoxButtonClass.swift */,
				5E29F7B620EFCE1B00549742 /* CellDataClass.swift */,
				5E49D4F820D87BCE002C8469 /* CardDisplayViewController.swift */,
				5EF6B98120F5037F00D3DFD6 /* Globals.swift */,
				18F57B851E992E0A0013221F /* AppDelegate.swift */,
				5EF7DD4D20E18AB500EF5F2E /* ResultsTableViewController.swift */,
				5E49D4FC20D8FFCF002C8469 /* TestViewController.swift */,
				5E49D4F620D87713002C8469 /* NorthSouthViewController.swift */,
				5E24318B20F37FEE000AE1B1 /* Main.storyboard */,
				5EBBC44C20F2A77B004A9EEE /* PillClass.swift */,
			);
			path = ViewControllers;
			sourceTree = "<group>";
		};
		5E7756D220E5B76A00510808 /* TableCells */ = {
			isa = PBXGroup;
			children = (
				5EF7DD4F20E18BEE00EF5F2E /* TableViewCell1.swift */,
				5EF7DD5020E18BEE00EF5F2E /* TableViewCell1.xib */,
				5EE2747A20F48C2500625691 /* TableViewCell2.swift */,
				5EE2747B20F48C2500625691 /* TableViewCell2.xib */,
			);
			path = TableCells;
			sourceTree = "<group>";
		};
		B99B76D3C0981C1D910857E7 /* Pods */ = {
			isa = PBXGroup;
			children = (
				8CC71BA851764D61EF0D8446 /* Pods-Pill Identifier App.debug.xcconfig */,
				BE6FEDA8B1C1B9663C356615 /* Pods-Pill Identifier App.release.xcconfig */,
				69B7E40B35288614CB2B913F /* Pods-Pill Identifier AppTests.debug.xcconfig */,
				3741B1114C70319E10746FF5 /* Pods-Pill Identifier AppTests.release.xcconfig */,
				0D7F6F434A4EA7E3245C2F8D /* Pods-Pill Identifier AppUITests.debug.xcconfig */,
				7E49BA3C3BD26D08FDBE219B /* Pods-Pill Identifier AppUITests.release.xcconfig */,
			);
			name = Pods;
			sourceTree = "<group>";
		};
/* End PBXGroup section */

/* Begin PBXNativeTarget section */
		18F57B811E992E0A0013221F /* Pill Identifier App */ = {
			isa = PBXNativeTarget;
			buildConfigurationList = 18F57BAA1E992E0A0013221F /* Build configuration list for PBXNativeTarget "Pill Identifier App" */;
			buildPhases = (
				5DD2C68B287C3E19AB07B3E9 /* [CP] Check Pods Manifest.lock */,
				18F57B7E1E992E0A0013221F /* Sources */,
				18F57B7F1E992E0A0013221F /* Frameworks */,
				18F57B801E992E0A0013221F /* Resources */,
				5E575F3620D63FF600B94C16 /* Embed Frameworks */,
				EDAA712134BBC64C73BB24DA /* [CP] Embed Pods Frameworks */,
			);
			buildRules = (
			);
			dependencies = (
			);
			name = "Pill Identifier App";
			productName = "Pill Identifier App";
			productReference = 18F57B821E992E0A0013221F /* Pill Identifier App.app */;
			productType = "com.apple.product-type.application";
		};
		18F57B951E992E0A0013221F /* Pill Identifier AppTests */ = {
			isa = PBXNativeTarget;
			buildConfigurationList = 18F57BAD1E992E0A0013221F /* Build configuration list for PBXNativeTarget "Pill Identifier AppTests" */;
			buildPhases = (
				7658C1906411389F83BDCC76 /* [CP] Check Pods Manifest.lock */,
				18F57B921E992E0A0013221F /* Sources */,
				18F57B931E992E0A0013221F /* Frameworks */,
				18F57B941E992E0A0013221F /* Resources */,
			);
			buildRules = (
			);
			dependencies = (
			);
			name = "Pill Identifier AppTests";
			productName = "Pill Identifier AppTests";
			productReference = 18F57B961E992E0A0013221F /* Pill Identifier AppTests.xctest */;
			productType = "com.apple.product-type.bundle.unit-test";
		};
		18F57BA01E992E0A0013221F /* Pill Identifier AppUITests */ = {
			isa = PBXNativeTarget;
			buildConfigurationList = 18F57BB01E992E0A0013221F /* Build configuration list for PBXNativeTarget "Pill Identifier AppUITests" */;
			buildPhases = (
				3F399F2587A8075F42B897D8 /* [CP] Check Pods Manifest.lock */,
				18F57B9D1E992E0A0013221F /* Sources */,
				18F57B9E1E992E0A0013221F /* Frameworks */,
				18F57B9F1E992E0A0013221F /* Resources */,
			);
			buildRules = (
			);
			dependencies = (
				18F57BA31E992E0A0013221F /* PBXTargetDependency */,
			);
			name = "Pill Identifier AppUITests";
			productName = "Pill Identifier AppUITests";
			productReference = 18F57BA11E992E0A0013221F /* Pill Identifier AppUITests.xctest */;
			productType = "com.apple.product-type.bundle.ui-testing";
		};
/* End PBXNativeTarget section */

/* Begin PBXProject section */
		18F57B7A1E992E0A0013221F /* Project object */ = {
			isa = PBXProject;
			attributes = {
				LastSwiftUpdateCheck = 0830;
				LastUpgradeCheck = 1000;
				ORGANIZATIONNAME = "Phung Technology";
				TargetAttributes = {
					18F57B811E992E0A0013221F = {
						CreatedOnToolsVersion = 8.3;
						DevelopmentTeam = 5L5HNZENM9;
						LastSwiftMigration = 1000;
						ProvisioningStyle = Automatic;
						SystemCapabilities = {
							com.apple.AccessWiFi = {
								enabled = 0;
							};
						};
					};
					18F57B951E992E0A0013221F = {
						CreatedOnToolsVersion = 8.3;
						LastSwiftMigration = 1000;
						ProvisioningStyle = Automatic;
						TestTargetID = 18F57B811E992E0A0013221F;
					};
					18F57BA01E992E0A0013221F = {
						CreatedOnToolsVersion = 8.3;
						DevelopmentTeam = 5L5HNZENM9;
						LastSwiftMigration = 1000;
						ProvisioningStyle = Automatic;
						TestTargetID = 18F57B811E992E0A0013221F;
					};
				};
			};
			buildConfigurationList = 18F57B7D1E992E0A0013221F /* Build configuration list for PBXProject "Pill Identifier App" */;
			compatibilityVersion = "Xcode 3.2";
			developmentRegion = English;
			hasScannedForEncodings = 0;
			knownRegions = (
				en,
				Base,
			);
			mainGroup = 18F57B791E992E0A0013221F;
			productRefGroup = 18F57B831E992E0A0013221F /* Products */;
			projectDirPath = "";
			projectRoot = "";
			targets = (
				18F57B811E992E0A0013221F /* Pill Identifier App */,
				18F57B951E992E0A0013221F /* Pill Identifier AppTests */,
				18F57BA01E992E0A0013221F /* Pill Identifier AppUITests */,
			);
		};
/* End PBXProject section */

/* Begin PBXResourcesBuildPhase section */
		18F57B801E992E0A0013221F /* Resources */ = {
			isa = PBXResourcesBuildPhase;
			buildActionMask = 2147483647;
			files = (
				5EF7DD5220E18BEE00EF5F2E /* TableViewCell1.xib in Resources */,
				18F57B901E992E0A0013221F /* LaunchScreen.storyboard in Resources */,
				5EE2747D20F48C2500625691 /* TableViewCell2.xib in Resources */,
				18F57B8D1E992E0A0013221F /* Assets.xcassets in Resources */,
				5E24318C20F37FEE000AE1B1 /* Main.storyboard in Resources */,
				5E29F7B320EFCA2A00549742 /* notes in Resources */,
			);
			runOnlyForDeploymentPostprocessing = 0;
		};
		18F57B941E992E0A0013221F /* Resources */ = {
			isa = PBXResourcesBuildPhase;
			buildActionMask = 2147483647;
			files = (
			);
			runOnlyForDeploymentPostprocessing = 0;
		};
		18F57B9F1E992E0A0013221F /* Resources */ = {
			isa = PBXResourcesBuildPhase;
			buildActionMask = 2147483647;
			files = (
			);
			runOnlyForDeploymentPostprocessing = 0;
		};
/* End PBXResourcesBuildPhase section */

/* Begin PBXShellScriptBuildPhase section */
		3F399F2587A8075F42B897D8 /* [CP] Check Pods Manifest.lock */ = {
			isa = PBXShellScriptBuildPhase;
			buildActionMask = 2147483647;
			files = (
			);
			inputPaths = (
				"${PODS_PODFILE_DIR_PATH}/Podfile.lock",
				"${PODS_ROOT}/Manifest.lock",
			);
			name = "[CP] Check Pods Manifest.lock";
			outputPaths = (
				"$(DERIVED_FILE_DIR)/Pods-Pill Identifier AppUITests-checkManifestLockResult.txt",
			);
			runOnlyForDeploymentPostprocessing = 0;
			shellPath = /bin/sh;
			shellScript = "diff \"${PODS_PODFILE_DIR_PATH}/Podfile.lock\" \"${PODS_ROOT}/Manifest.lock\" > /dev/null\nif [ $? != 0 ] ; then\n    # print error to STDERR\n    echo \"error: The sandbox is not in sync with the Podfile.lock. Run 'pod install' or update your CocoaPods installation.\" >&2\n    exit 1\nfi\n# This output is used by Xcode 'outputs' to avoid re-running this script phase.\necho \"SUCCESS\" > \"${SCRIPT_OUTPUT_FILE_0}\"\n";
			showEnvVarsInLog = 0;
		};
		5DD2C68B287C3E19AB07B3E9 /* [CP] Check Pods Manifest.lock */ = {
			isa = PBXShellScriptBuildPhase;
			buildActionMask = 2147483647;
			files = (
			);
			inputPaths = (
				"${PODS_PODFILE_DIR_PATH}/Podfile.lock",
				"${PODS_ROOT}/Manifest.lock",
			);
			name = "[CP] Check Pods Manifest.lock";
			outputPaths = (
				"$(DERIVED_FILE_DIR)/Pods-Pill Identifier App-checkManifestLockResult.txt",
			);
			runOnlyForDeploymentPostprocessing = 0;
			shellPath = /bin/sh;
			shellScript = "diff \"${PODS_PODFILE_DIR_PATH}/Podfile.lock\" \"${PODS_ROOT}/Manifest.lock\" > /dev/null\nif [ $? != 0 ] ; then\n    # print error to STDERR\n    echo \"error: The sandbox is not in sync with the Podfile.lock. Run 'pod install' or update your CocoaPods installation.\" >&2\n    exit 1\nfi\n# This output is used by Xcode 'outputs' to avoid re-running this script phase.\necho \"SUCCESS\" > \"${SCRIPT_OUTPUT_FILE_0}\"\n";
			showEnvVarsInLog = 0;
		};
		7658C1906411389F83BDCC76 /* [CP] Check Pods Manifest.lock */ = {
			isa = PBXShellScriptBuildPhase;
			buildActionMask = 2147483647;
			files = (
			);
			inputPaths = (
				"${PODS_PODFILE_DIR_PATH}/Podfile.lock",
				"${PODS_ROOT}/Manifest.lock",
			);
			name = "[CP] Check Pods Manifest.lock";
			outputPaths = (
				"$(DERIVED_FILE_DIR)/Pods-Pill Identifier AppTests-checkManifestLockResult.txt",
			);
			runOnlyForDeploymentPostprocessing = 0;
			shellPath = /bin/sh;
			shellScript = "diff \"${PODS_PODFILE_DIR_PATH}/Podfile.lock\" \"${PODS_ROOT}/Manifest.lock\" > /dev/null\nif [ $? != 0 ] ; then\n    # print error to STDERR\n    echo \"error: The sandbox is not in sync with the Podfile.lock. Run 'pod install' or update your CocoaPods installation.\" >&2\n    exit 1\nfi\n# This output is used by Xcode 'outputs' to avoid re-running this script phase.\necho \"SUCCESS\" > \"${SCRIPT_OUTPUT_FILE_0}\"\n";
			showEnvVarsInLog = 0;
		};
		EDAA712134BBC64C73BB24DA /* [CP] Embed Pods Frameworks */ = {
			isa = PBXShellScriptBuildPhase;
			buildActionMask = 2147483647;
			files = (
			);
			inputPaths = (
				"${SRCROOT}/Pods/Target Support Files/Pods-Pill Identifier App/Pods-Pill Identifier App-frameworks.sh",
				"${BUILT_PRODUCTS_DIR}/ActionSheetPicker-3.0/ActionSheetPicker_3_0.framework",
				"${BUILT_PRODUCTS_DIR}/Alamofire/Alamofire.framework",
				"${BUILT_PRODUCTS_DIR}/Kingfisher/Kingfisher.framework",
				"${BUILT_PRODUCTS_DIR}/SwiftyJSON/SwiftyJSON.framework",
			);
			name = "[CP] Embed Pods Frameworks";
			outputPaths = (
				"${TARGET_BUILD_DIR}/${FRAMEWORKS_FOLDER_PATH}/ActionSheetPicker_3_0.framework",
				"${TARGET_BUILD_DIR}/${FRAMEWORKS_FOLDER_PATH}/Alamofire.framework",
				"${TARGET_BUILD_DIR}/${FRAMEWORKS_FOLDER_PATH}/Kingfisher.framework",
				"${TARGET_BUILD_DIR}/${FRAMEWORKS_FOLDER_PATH}/SwiftyJSON.framework",
			);
			runOnlyForDeploymentPostprocessing = 0;
			shellPath = /bin/sh;
			shellScript = "\"${SRCROOT}/Pods/Target Support Files/Pods-Pill Identifier App/Pods-Pill Identifier App-frameworks.sh\"\n";
			showEnvVarsInLog = 0;
		};
/* End PBXShellScriptBuildPhase section */

/* Begin PBXSourcesBuildPhase section */
		18F57B7E1E992E0A0013221F /* Sources */ = {
			isa = PBXSourcesBuildPhase;
			buildActionMask = 2147483647;
			files = (
				5E29F7C320EFDA2F00549742 /* CellDataClass.swift in Sources */,
				5EE2747C20F48C2500625691 /* TableViewCell2.swift in Sources */,
				5E86255620F29B010023E297 /* BoxButtonClass.swift in Sources */,
				5E49D4F920D87BCE002C8469 /* CardDisplayViewController.swift in Sources */,
				5EF7DD4E20E18AB500EF5F2E /* ResultsTableViewController.swift in Sources */,
				18F57B861E992E0A0013221F /* AppDelegate.swift in Sources */,
				5E49D4F720D87713002C8469 /* NorthSouthViewController.swift in Sources */,
				5EF6B98220F5037F00D3DFD6 /* Globals.swift in Sources */,
				5EE2747920F48BDC00625691 /* SearchViewController.swift in Sources */,
				5EBBC44D20F2A77B004A9EEE /* PillClass.swift in Sources */,
				5EF7DD5120E18BEE00EF5F2E /* TableViewCell1.swift in Sources */,
				5E49D4FD20D8FFCF002C8469 /* TestViewController.swift in Sources */,
			);
			runOnlyForDeploymentPostprocessing = 0;
		};
		18F57B921E992E0A0013221F /* Sources */ = {
			isa = PBXSourcesBuildPhase;
			buildActionMask = 2147483647;
			files = (
				5E86255720F29B010023E297 /* BoxButtonClass.swift in Sources */,
				18F57B9B1E992E0A0013221F /* Pill_Identifier_AppTests.swift in Sources */,
			);
			runOnlyForDeploymentPostprocessing = 0;
		};
		18F57B9D1E992E0A0013221F /* Sources */ = {
			isa = PBXSourcesBuildPhase;
			buildActionMask = 2147483647;
			files = (
				5E86255820F29B010023E297 /* BoxButtonClass.swift in Sources */,
				18F57BA61E992E0A0013221F /* Pill_Identifier_AppUITests.swift in Sources */,
			);
			runOnlyForDeploymentPostprocessing = 0;
		};
/* End PBXSourcesBuildPhase section */

/* Begin PBXTargetDependency section */
		18F57BA31E992E0A0013221F /* PBXTargetDependency */ = {
			isa = PBXTargetDependency;
			target = 18F57B811E992E0A0013221F /* Pill Identifier App */;
			targetProxy = 18F57BA21E992E0A0013221F /* PBXContainerItemProxy */;
		};
/* End PBXTargetDependency section */

/* Begin PBXVariantGroup section */
		18F57B8E1E992E0A0013221F /* LaunchScreen.storyboard */ = {
			isa = PBXVariantGroup;
			children = (
				18F57B8F1E992E0A0013221F /* Base */,
			);
			name = LaunchScreen.storyboard;
			sourceTree = "<group>";
		};
/* End PBXVariantGroup section */

/* Begin XCBuildConfiguration section */
		18F57BA81E992E0A0013221F /* Debug */ = {
			isa = XCBuildConfiguration;
			buildSettings = {
				CLANG_ANALYZER_NONNULL = YES;
				CLANG_ANALYZER_NUMBER_OBJECT_CONVERSION = YES_AGGRESSIVE;
				CLANG_CXX_LANGUAGE_STANDARD = "gnu++0x";
				CLANG_CXX_LIBRARY = "libc++";
				CLANG_ENABLE_MODULES = YES;
				CLANG_ENABLE_OBJC_ARC = YES;
				CLANG_WARN_BLOCK_CAPTURE_AUTORELEASING = YES;
				CLANG_WARN_BOOL_CONVERSION = YES;
				CLANG_WARN_COMMA = YES;
				CLANG_WARN_CONSTANT_CONVERSION = YES;
				CLANG_WARN_DEPRECATED_OBJC_IMPLEMENTATIONS = YES;
				CLANG_WARN_DIRECT_OBJC_ISA_USAGE = YES_ERROR;
				CLANG_WARN_DOCUMENTATION_COMMENTS = YES;
				CLANG_WARN_EMPTY_BODY = YES;
				CLANG_WARN_ENUM_CONVERSION = YES;
				CLANG_WARN_INFINITE_RECURSION = YES;
				CLANG_WARN_INT_CONVERSION = YES;
				CLANG_WARN_NON_LITERAL_NULL_CONVERSION = YES;
				CLANG_WARN_OBJC_IMPLICIT_RETAIN_SELF = YES;
				CLANG_WARN_OBJC_LITERAL_CONVERSION = YES;
				CLANG_WARN_OBJC_ROOT_CLASS = YES_ERROR;
				CLANG_WARN_RANGE_LOOP_ANALYSIS = YES;
				CLANG_WARN_STRICT_PROTOTYPES = YES;
				CLANG_WARN_SUSPICIOUS_MOVE = YES;
				CLANG_WARN_UNREACHABLE_CODE = YES;
				CLANG_WARN__DUPLICATE_METHOD_MATCH = YES;
				CODE_SIGN_IDENTITY = "iPhone Developer: Eric Phung (93CL2J7UWJ)";
				"CODE_SIGN_IDENTITY[sdk=iphoneos*]" = "";
				COPY_PHASE_STRIP = NO;
				DEBUG_INFORMATION_FORMAT = dwarf;
				ENABLE_STRICT_OBJC_MSGSEND = YES;
				ENABLE_TESTABILITY = YES;
				GCC_C_LANGUAGE_STANDARD = gnu99;
				GCC_DYNAMIC_NO_PIC = NO;
				GCC_NO_COMMON_BLOCKS = YES;
				GCC_OPTIMIZATION_LEVEL = 0;
				GCC_PREPROCESSOR_DEFINITIONS = (
					"DEBUG=1",
					"$(inherited)",
				);
				GCC_WARN_64_TO_32_BIT_CONVERSION = YES;
				GCC_WARN_ABOUT_RETURN_TYPE = YES_ERROR;
				GCC_WARN_STRICT_SELECTOR_MATCH = YES;
				GCC_WARN_UNDECLARED_SELECTOR = YES;
				GCC_WARN_UNINITIALIZED_AUTOS = YES_AGGRESSIVE;
				GCC_WARN_UNUSED_FUNCTION = YES;
				GCC_WARN_UNUSED_VARIABLE = YES;
				IPHONEOS_DEPLOYMENT_TARGET = 10.0;
				MTL_ENABLE_DEBUG_INFO = YES;
				ONLY_ACTIVE_ARCH = YES;
				SDKROOT = iphoneos;
				SWIFT_ACTIVE_COMPILATION_CONDITIONS = DEBUG;
				SWIFT_OPTIMIZATION_LEVEL = "-Onone";
				TARGETED_DEVICE_FAMILY = "1,2";
			};
			name = Debug;
		};
		18F57BA91E992E0A0013221F /* Release */ = {
			isa = XCBuildConfiguration;
			buildSettings = {
				CLANG_ANALYZER_NONNULL = YES;
				CLANG_ANALYZER_NUMBER_OBJECT_CONVERSION = YES_AGGRESSIVE;
				CLANG_CXX_LANGUAGE_STANDARD = "gnu++0x";
				CLANG_CXX_LIBRARY = "libc++";
				CLANG_ENABLE_MODULES = YES;
				CLANG_ENABLE_OBJC_ARC = YES;
				CLANG_WARN_BLOCK_CAPTURE_AUTORELEASING = YES;
				CLANG_WARN_BOOL_CONVERSION = YES;
				CLANG_WARN_COMMA = YES;
				CLANG_WARN_CONSTANT_CONVERSION = YES;
				CLANG_WARN_DEPRECATED_OBJC_IMPLEMENTATIONS = YES;
				CLANG_WARN_DIRECT_OBJC_ISA_USAGE = YES_ERROR;
				CLANG_WARN_DOCUMENTATION_COMMENTS = YES;
				CLANG_WARN_EMPTY_BODY = YES;
				CLANG_WARN_ENUM_CONVERSION = YES;
				CLANG_WARN_INFINITE_RECURSION = YES;
				CLANG_WARN_INT_CONVERSION = YES;
				CLANG_WARN_NON_LITERAL_NULL_CONVERSION = YES;
				CLANG_WARN_OBJC_IMPLICIT_RETAIN_SELF = YES;
				CLANG_WARN_OBJC_LITERAL_CONVERSION = YES;
				CLANG_WARN_OBJC_ROOT_CLASS = YES_ERROR;
				CLANG_WARN_RANGE_LOOP_ANALYSIS = YES;
				CLANG_WARN_STRICT_PROTOTYPES = YES;
				CLANG_WARN_SUSPICIOUS_MOVE = YES;
				CLANG_WARN_UNREACHABLE_CODE = YES;
				CLANG_WARN__DUPLICATE_METHOD_MATCH = YES;
				CODE_SIGN_IDENTITY = "iPhone Developer: Eric Phung (93CL2J7UWJ)";
				"CODE_SIGN_IDENTITY[sdk=iphoneos*]" = "";
				COPY_PHASE_STRIP = NO;
				DEBUG_INFORMATION_FORMAT = "dwarf-with-dsym";
				ENABLE_NS_ASSERTIONS = NO;
				ENABLE_STRICT_OBJC_MSGSEND = YES;
				GCC_C_LANGUAGE_STANDARD = gnu99;
				GCC_NO_COMMON_BLOCKS = YES;
				GCC_WARN_64_TO_32_BIT_CONVERSION = YES;
				GCC_WARN_ABOUT_RETURN_TYPE = YES_ERROR;
				GCC_WARN_STRICT_SELECTOR_MATCH = YES;
				GCC_WARN_UNDECLARED_SELECTOR = YES;
				GCC_WARN_UNINITIALIZED_AUTOS = YES_AGGRESSIVE;
				GCC_WARN_UNUSED_FUNCTION = YES;
				GCC_WARN_UNUSED_VARIABLE = YES;
				IPHONEOS_DEPLOYMENT_TARGET = 10.0;
				MTL_ENABLE_DEBUG_INFO = NO;
				ONLY_ACTIVE_ARCH = NO;
				SDKROOT = iphoneos;
				SWIFT_OPTIMIZATION_LEVEL = "-Owholemodule";
				TARGETED_DEVICE_FAMILY = "1,2";
				VALIDATE_PRODUCT = YES;
			};
			name = Release;
		};
		18F57BAB1E992E0A0013221F /* Debug */ = {
			isa = XCBuildConfiguration;
			baseConfigurationReference = 8CC71BA851764D61EF0D8446 /* Pods-Pill Identifier App.debug.xcconfig */;
			buildSettings = {
				ALWAYS_EMBED_SWIFT_STANDARD_LIBRARIES = "$(inherited)";
				ASSETCATALOG_COMPILER_APPICON_NAME = AppIcon;
				CODE_SIGN_IDENTITY = "iPhone Developer";
				CODE_SIGN_STYLE = Automatic;
				DEVELOPMENT_TEAM = "";
				INFOPLIST_FILE = "Pill Identifier App/Info.plist";
				LD_RUNPATH_SEARCH_PATHS = "$(inherited) @executable_path/Frameworks";
				PRODUCT_BUNDLE_IDENTIFIER = "com.phungtech.Pill-Identifier-App";
				PRODUCT_NAME = "$(TARGET_NAME)";
				PROVISIONING_PROFILE_SPECIFIER = "";
				SWIFT_SWIFT3_OBJC_INFERENCE = Off;
				SWIFT_VERSION = 4.2;
			};
			name = Debug;
		};
		18F57BAC1E992E0A0013221F /* Release */ = {
			isa = XCBuildConfiguration;
			baseConfigurationReference = BE6FEDA8B1C1B9663C356615 /* Pods-Pill Identifier App.release.xcconfig */;
			buildSettings = {
				ALWAYS_EMBED_SWIFT_STANDARD_LIBRARIES = "$(inherited)";
				ASSETCATALOG_COMPILER_APPICON_NAME = AppIcon;
				CODE_SIGN_IDENTITY = "iPhone Developer";
				CODE_SIGN_STYLE = Automatic;
				DEVELOPMENT_TEAM = "";
				INFOPLIST_FILE = "Pill Identifier App/Info.plist";
				LD_RUNPATH_SEARCH_PATHS = "$(inherited) @executable_path/Frameworks";
				PRODUCT_BUNDLE_IDENTIFIER = "com.phungtech.Pill-Identifier-App";
				PRODUCT_NAME = "$(TARGET_NAME)";
				PROVISIONING_PROFILE_SPECIFIER = "";
				SWIFT_SWIFT3_OBJC_INFERENCE = Off;
				SWIFT_VERSION = 4.2;
			};
			name = Release;
		};
		18F57BAE1E992E0A0013221F /* Debug */ = {
			isa = XCBuildConfiguration;
			baseConfigurationReference = 69B7E40B35288614CB2B913F /* Pods-Pill Identifier AppTests.debug.xcconfig */;
			buildSettings = {
				ALWAYS_EMBED_SWIFT_STANDARD_LIBRARIES = YES;
				BUNDLE_LOADER = "$(TEST_HOST)";
				CODE_SIGN_IDENTITY = "iPhone Developer";
				CODE_SIGN_STYLE = Automatic;
				DEVELOPMENT_TEAM = "";
				INFOPLIST_FILE = "Pill Identifier AppTests/Info.plist";
				LD_RUNPATH_SEARCH_PATHS = "$(inherited) @executable_path/Frameworks @loader_path/Frameworks";
				PRODUCT_BUNDLE_IDENTIFIER = "com.phungtech.Pill-Identifier-AppTests";
				PRODUCT_NAME = "$(TARGET_NAME)";
				PROVISIONING_PROFILE_SPECIFIER = "";
				SWIFT_SWIFT3_OBJC_INFERENCE = On;
				SWIFT_VERSION = 4.2;
				TEST_HOST = "$(BUILT_PRODUCTS_DIR)/Pill Identifier App.app/Pill Identifier App";
			};
			name = Debug;
		};
		18F57BAF1E992E0A0013221F /* Release */ = {
			isa = XCBuildConfiguration;
			baseConfigurationReference = 3741B1114C70319E10746FF5 /* Pods-Pill Identifier AppTests.release.xcconfig */;
			buildSettings = {
				ALWAYS_EMBED_SWIFT_STANDARD_LIBRARIES = YES;
				BUNDLE_LOADER = "$(TEST_HOST)";
				CODE_SIGN_IDENTITY = "iPhone Developer";
				CODE_SIGN_STYLE = Automatic;
				DEVELOPMENT_TEAM = "";
				INFOPLIST_FILE = "Pill Identifier AppTests/Info.plist";
				LD_RUNPATH_SEARCH_PATHS = "$(inherited) @executable_path/Frameworks @loader_path/Frameworks";
				PRODUCT_BUNDLE_IDENTIFIER = "com.phungtech.Pill-Identifier-AppTests";
				PRODUCT_NAME = "$(TARGET_NAME)";
				PROVISIONING_PROFILE_SPECIFIER = "";
				SWIFT_SWIFT3_OBJC_INFERENCE = On;
				SWIFT_VERSION = 4.2;
				TEST_HOST = "$(BUILT_PRODUCTS_DIR)/Pill Identifier App.app/Pill Identifier App";
			};
			name = Release;
		};
		18F57BB11E992E0A0013221F /* Debug */ = {
			isa = XCBuildConfiguration;
			baseConfigurationReference = 0D7F6F434A4EA7E3245C2F8D /* Pods-Pill Identifier AppUITests.debug.xcconfig */;
			buildSettings = {
				ALWAYS_EMBED_SWIFT_STANDARD_LIBRARIES = YES;
				DEVELOPMENT_TEAM = 5L5HNZENM9;
				INFOPLIST_FILE = "Pill Identifier AppUITests/Info.plist";
				LD_RUNPATH_SEARCH_PATHS = "$(inherited) @executable_path/Frameworks @loader_path/Frameworks";
				PRODUCT_BUNDLE_IDENTIFIER = "com.phungtech.Pill-Identifier-AppUITests";
				PRODUCT_NAME = "$(TARGET_NAME)";
				SWIFT_SWIFT3_OBJC_INFERENCE = On;
				SWIFT_VERSION = 4.2;
				TEST_TARGET_NAME = "Pill Identifier App";
			};
			name = Debug;
		};
		18F57BB21E992E0A0013221F /* Release */ = {
			isa = XCBuildConfiguration;
			baseConfigurationReference = 7E49BA3C3BD26D08FDBE219B /* Pods-Pill Identifier AppUITests.release.xcconfig */;
			buildSettings = {
				ALWAYS_EMBED_SWIFT_STANDARD_LIBRARIES = YES;
				DEVELOPMENT_TEAM = 5L5HNZENM9;
				INFOPLIST_FILE = "Pill Identifier AppUITests/Info.plist";
				LD_RUNPATH_SEARCH_PATHS = "$(inherited) @executable_path/Frameworks @loader_path/Frameworks";
				PRODUCT_BUNDLE_IDENTIFIER = "com.phungtech.Pill-Identifier-AppUITests";
				PRODUCT_NAME = "$(TARGET_NAME)";
				SWIFT_SWIFT3_OBJC_INFERENCE = On;
				SWIFT_VERSION = 4.2;
				TEST_TARGET_NAME = "Pill Identifier App";
			};
			name = Release;
		};
/* End XCBuildConfiguration section */

/* Begin XCConfigurationList section */
		18F57B7D1E992E0A0013221F /* Build configuration list for PBXProject "Pill Identifier App" */ = {
			isa = XCConfigurationList;
			buildConfigurations = (
				18F57BA81E992E0A0013221F /* Debug */,
				18F57BA91E992E0A0013221F /* Release */,
			);
			defaultConfigurationIsVisible = 0;
			defaultConfigurationName = Release;
		};
		18F57BAA1E992E0A0013221F /* Build configuration list for PBXNativeTarget "Pill Identifier App" */ = {
			isa = XCConfigurationList;
			buildConfigurations = (
				18F57BAB1E992E0A0013221F /* Debug */,
				18F57BAC1E992E0A0013221F /* Release */,
			);
			defaultConfigurationIsVisible = 0;
			defaultConfigurationName = Release;
		};
		18F57BAD1E992E0A0013221F /* Build configuration list for PBXNativeTarget "Pill Identifier AppTests" */ = {
			isa = XCConfigurationList;
			buildConfigurations = (
				18F57BAE1E992E0A0013221F /* Debug */,
				18F57BAF1E992E0A0013221F /* Release */,
			);
			defaultConfigurationIsVisible = 0;
			defaultConfigurationName = Release;
		};
		18F57BB01E992E0A0013221F /* Build configuration list for PBXNativeTarget "Pill Identifier AppUITests" */ = {
			isa = XCConfigurationList;
			buildConfigurations = (
				18F57BB11E992E0A0013221F /* Debug */,
				18F57BB21E992E0A0013221F /* Release */,
			);
			defaultConfigurationIsVisible = 0;
			defaultConfigurationName = Release;
		};
/* End XCConfigurationList section */
	};
	rootObject = 18F57B7A1E992E0A0013221F /* Project object */;
}
